
Microsoft Visual Studio Solution File, Format Version 11.00
# Visual Studio 2010
Project("{FAE04EC0-301F-11D3-BF4B-00C04F79EFBC}") = "UnityEngine.UI", "UnityEngine.UI.csproj", "{979dfe98-9199-94e5-7d3c-a2abc20e4793}"
EndProject
Project("{FAE04EC0-301F-11D3-BF4B-00C04F79EFBC}") = "Unity.RenderPipelines.Core.Runtime", "Unity.RenderPipelines.Core.Runtime.csproj", "{bd9fa624-8739-25a7-eb0e-444640a78f6f}"
EndProject
Project("{FAE04EC0-301F-11D3-BF4B-00C04F79EFBC}") = "FairyGUI", "FairyGUI.csproj", "{f41b355c-331a-af48-b348-52fd7a76b064}"
EndProject
Project("{FAE04EC0-301F-11D3-BF4B-00C04F79EFBC}") = "UniTask", "UniTask.csproj", "{bab5d22a-8583-2c7d-88ed-c468ec0e7027}"
EndProject
Project("{FAE04EC0-301F-11D3-BF4B-00C04F79EFBC}") = "Unity.Services.Core.Telemetry", "Unity.Services.Core.Telemetry.csproj", "{5d40b520-7633-57b2-dd4f-74f829ef4ae4}"
EndProject
Project("{FAE04EC0-301F-11D3-BF4B-00C04F79EFBC}") = "UnityEngine.TestRunner", "UnityEngine.TestRunner.csproj", "{ed943ac8-3d8f-7c17-157d-c4c31cbc811c}"
EndProject
Project("{FAE04EC0-301F-11D3-BF4B-00C04F79EFBC}") = "Unity.InputSystem", "Unity.InputSystem.csproj", "{37dc956a-ac73-a778-c063-9fbac5003603}"
EndProject
Project("{FAE04EC0-301F-11D3-BF4B-00C04F79EFBC}") = "Unity.VisualScripting.State", "Unity.VisualScripting.State.csproj", "{4337c050-cc3a-134b-6dfa-c9e140f3f61a}"
EndProject
Project("{FAE04EC0-301F-11D3-BF4B-00C04F79EFBC}") = "Unity.RenderPipelines.Universal.Runtime", "Unity.RenderPipelines.Universal.Runtime.csproj", "{c678c602-0a4a-3246-5b09-5b414fc0d5de}"
EndProject
Project("{FAE04EC0-301F-11D3-BF4B-00C04F79EFBC}") = "Unity.Postprocessing.Runtime", "Unity.Postprocessing.Runtime.csproj", "{ee3d1ba9-6ea3-fb57-2df9-1c7027321110}"
EndProject
Project("{FAE04EC0-301F-11D3-BF4B-00C04F79EFBC}") = "Unity.VisualScripting.Flow", "Unity.VisualScripting.Flow.csproj", "{f4cf6b1d-2314-3cd4-2919-94501cec3479}"
EndProject
Project("{FAE04EC0-301F-11D3-BF4B-00C04F79EFBC}") = "Unity.Main", "Unity.Main.csproj", "{94cff147-b067-7fa2-4d82-8a076580acea}"
EndProject
Project("{FAE04EC0-301F-11D3-BF4B-00C04F79EFBC}") = "UniTask.Linq", "UniTask.Linq.csproj", "{8e489ad3-ce7f-1f86-b4dd-48897ca61438}"
EndProject
Project("{FAE04EC0-301F-11D3-BF4B-00C04F79EFBC}") = "Unity.VisualScripting.Core", "Unity.VisualScripting.Core.csproj", "{3b86216b-72df-a555-5f96-65b39a83c610}"
EndProject
Project("{FAE04EC0-301F-11D3-BF4B-00C04F79EFBC}") = "Unity.Services.Core.Environments.Internal", "Unity.Services.Core.Environments.Internal.csproj", "{65343c24-73e0-7976-69e3-91dbd2eff47b}"
EndProject
Project("{FAE04EC0-301F-11D3-BF4B-00C04F79EFBC}") = "Unity.TextMeshPro", "Unity.TextMeshPro.csproj", "{dfd7019c-bb86-3498-4973-5d336b1f52ef}"
EndProject
Project("{FAE04EC0-301F-11D3-BF4B-00C04F79EFBC}") = "Unity.Burst", "Unity.Burst.csproj", "{7ae84323-8279-2bed-3a96-b03194de76f4}"
EndProject
Project("{FAE04EC0-301F-11D3-BF4B-00C04F79EFBC}") = "YooAsset", "YooAsset.csproj", "{969b6393-7326-9cc5-ac5f-d252d24b1a34}"
EndProject
Project("{FAE04EC0-301F-11D3-BF4B-00C04F79EFBC}") = "Assembly-CSharp", "Assembly-CSharp.csproj", "{03938ccd-4b40-8dfb-6b9b-21988d5cac0a}"
EndProject
Project("{FAE04EC0-301F-11D3-BF4B-00C04F79EFBC}") = "Unity.RenderPipeline.Universal.ShaderLibrary", "Unity.RenderPipeline.Universal.ShaderLibrary.csproj", "{fbdf8803-6ad7-83ad-0fe9-28598ca1a00f}"
EndProject
Project("{FAE04EC0-301F-11D3-BF4B-00C04F79EFBC}") = "Cinemachine", "Cinemachine.csproj", "{fe0f4466-fc68-3bfe-96b7-2ccaaefe0c97}"
EndProject
Project("{FAE04EC0-301F-11D3-BF4B-00C04F79EFBC}") = "Protobuf-net", "Protobuf-net.csproj", "{7d62b56e-fae8-8791-0d5c-cd9a2e61e29d}"
EndProject
Project("{FAE04EC0-301F-11D3-BF4B-00C04F79EFBC}") = "Unity.Services.Core.Environments", "Unity.Services.Core.Environments.csproj", "{ba438e91-b0bf-a79f-d3c2-9bd920184e73}"
EndProject
Project("{FAE04EC0-301F-11D3-BF4B-00C04F79EFBC}") = "Unity.Services.Core.Internal", "Unity.Services.Core.Internal.csproj", "{e559df33-bb23-6abd-79fc-f7edd62a7329}"
EndProject
Project("{FAE04EC0-301F-11D3-BF4B-00C04F79EFBC}") = "AstarPathfindingProject", "AstarPathfindingProject.csproj", "{fa5be71f-d656-496b-4dcc-375d8109000d}"
EndProject
Project("{FAE04EC0-301F-11D3-BF4B-00C04F79EFBC}") = "Unity.Timeline", "Unity.Timeline.csproj", "{63b491c9-db19-5561-f15e-1c9ea0e3c9f0}"
EndProject
Project("{FAE04EC0-301F-11D3-BF4B-00C04F79EFBC}") = "Unity.Mathematics", "Unity.Mathematics.csproj", "{22e42b9f-676f-18ca-867c-a7d5d221a80f}"
EndProject
Project("{FAE04EC0-301F-11D3-BF4B-00C04F79EFBC}") = "UniTask.DOTween", "UniTask.DOTween.csproj", "{ce75414b-41d6-dd43-490f-e90c57bacb93}"
EndProject
Project("{FAE04EC0-301F-11D3-BF4B-00C04F79EFBC}") = "KumoKyaku.Kcp", "KumoKyaku.Kcp.csproj", "{3c3e9921-47f8-9d60-5102-f3696f8fbe3f}"
EndProject
Project("{FAE04EC0-301F-11D3-BF4B-00C04F79EFBC}") = "Unity.Services.Core.Scheduler", "Unity.Services.Core.Scheduler.csproj", "{e8e429fd-129d-8b84-532b-c8667ad4c1e2}"
EndProject
Project("{FAE04EC0-301F-11D3-BF4B-00C04F79EFBC}") = "Unity.Services.Core.Device", "Unity.Services.Core.Device.csproj", "{d2cd2bce-5381-f1eb-572c-2a35b57f22ae}"
EndProject
Project("{FAE04EC0-301F-11D3-BF4B-00C04F79EFBC}") = "IngameDebugConsole.Runtime", "IngameDebugConsole.Runtime.csproj", "{f33a4f4e-838d-b35c-ceb7-3f8a7ab9a9af}"
EndProject
Project("{FAE04EC0-301F-11D3-BF4B-00C04F79EFBC}") = "HybridCLR.Runtime", "HybridCLR.Runtime.csproj", "{9df118af-f9b8-47b5-c242-63718d7ed119}"
EndProject
Project("{FAE04EC0-301F-11D3-BF4B-00C04F79EFBC}") = "Unity.Services.Core.Analytics", "Unity.Services.Core.Analytics.csproj", "{4ac2fa0e-6449-85a8-6586-594a32b64ab4}"
EndProject
Project("{FAE04EC0-301F-11D3-BF4B-00C04F79EFBC}") = "YooAssetEx", "YooAssetEx.csproj", "{5f2e551f-d2e4-d1df-653d-9aa4e312830a}"
EndProject
Project("{FAE04EC0-301F-11D3-BF4B-00C04F79EFBC}") = "Unity.Services.Core.Configuration", "Unity.Services.Core.Configuration.csproj", "{dec97f20-3d1b-1d47-711d-e9385a76cfc1}"
EndProject
Project("{FAE04EC0-301F-11D3-BF4B-00C04F79EFBC}") = "GBG.PlayableGraphMonitor.Tests", "GBG.PlayableGraphMonitor.Tests.csproj", "{be053fc7-2e85-b420-1a11-3f4a1d32b43e}"
EndProject
Project("{FAE04EC0-301F-11D3-BF4B-00C04F79EFBC}") = "Unity.Services.Core.Threading", "Unity.Services.Core.Threading.csproj", "{edb5b31a-914e-06eb-c26d-77e30cf7f174}"
EndProject
Project("{FAE04EC0-301F-11D3-BF4B-00C04F79EFBC}") = "Unity.Services.Core", "Unity.Services.Core.csproj", "{b73cccd2-26c1-d397-7fbb-468c92e91983}"
EndProject
Project("{FAE04EC0-301F-11D3-BF4B-00C04F79EFBC}") = "Unity.Services.Core.Networking", "Unity.Services.Core.Networking.csproj", "{f365fb75-d0c5-fef8-15cb-1fb202169e8a}"
EndProject
Project("{FAE04EC0-301F-11D3-BF4B-00C04F79EFBC}") = "Unity.Services.Core.Registration", "Unity.Services.Core.Registration.csproj", "{9e753dfd-b4dd-5fd0-b3ce-ac587efbd560}"
EndProject
Project("{FAE04EC0-301F-11D3-BF4B-00C04F79EFBC}") = "UniTask.Addressables", "UniTask.Addressables.csproj", "{b8858eb3-3501-d713-3eb5-0c32e8dd6d32}"
EndProject
Project("{FAE04EC0-301F-11D3-BF4B-00C04F79EFBC}") = "Unity.RenderPipelines.ShaderGraph.ShaderGraphLibrary", "Unity.RenderPipelines.ShaderGraph.ShaderGraphLibrary.csproj", "{86e9e3b2-607d-95d0-f253-3311097e2c40}"
EndProject
Project("{FAE04EC0-301F-11D3-BF4B-00C04F79EFBC}") = "Unity.ScriptableBuildPipeline", "Unity.ScriptableBuildPipeline.csproj", "{2b300fef-22e5-8e33-299d-e81b8a400794}"
EndProject
Project("{FAE04EC0-301F-11D3-BF4B-00C04F79EFBC}") = "Unity.InputSystem.TestFramework", "Unity.InputSystem.TestFramework.csproj", "{47a58705-8a0a-20a6-68ce-9bbf4713db9d}"
EndProject
Project("{FAE04EC0-301F-11D3-BF4B-00C04F79EFBC}") = "Unity.RenderPipelines.Core.ShaderLibrary", "Unity.RenderPipelines.Core.ShaderLibrary.csproj", "{12a11b8b-7f02-62f3-33ea-1dd938c79e71}"
EndProject
Project("{FAE04EC0-301F-11D3-BF4B-00C04F79EFBC}") = "UniTask.TextMeshPro", "UniTask.TextMeshPro.csproj", "{ae6df5c0-a92f-6e81-5f7e-f196d8ffe5f0}"
EndProject
Project("{FAE04EC0-301F-11D3-BF4B-00C04F79EFBC}") = "Unity.RenderPipelines.Universal.Shaders", "Unity.RenderPipelines.Universal.Shaders.csproj", "{2f530e06-cca7-161a-01b9-0629a5a15367}"
EndProject
Project("{FAE04EC0-301F-11D3-BF4B-00C04F79EFBC}") = "Unity.PlasticSCM.Editor", "Unity.PlasticSCM.Editor.csproj", "{9f94db9c-5882-04d7-c896-b8fd99196c07}"
EndProject
Project("{FAE04EC0-301F-11D3-BF4B-00C04F79EFBC}") = "Unity.VisualScripting.Core.Editor", "Unity.VisualScripting.Core.Editor.csproj", "{a3cd058e-d81d-4658-0256-e8eec1407181}"
EndProject
Project("{FAE04EC0-301F-11D3-BF4B-00C04F79EFBC}") = "Unity.ShaderGraph.Editor", "Unity.ShaderGraph.Editor.csproj", "{8fde539b-b477-26b5-0f99-c769ace654db}"
EndProject
Project("{FAE04EC0-301F-11D3-BF4B-00C04F79EFBC}") = "Unity.Timeline.Editor", "Unity.Timeline.Editor.csproj", "{4f63daae-f5cd-01d3-9fa4-bd9bc22dc82d}"
EndProject
Project("{FAE04EC0-301F-11D3-BF4B-00C04F79EFBC}") = "Unity.RenderPipelines.Universal.Editor", "Unity.RenderPipelines.Universal.Editor.csproj", "{c35b59b3-2d1e-4660-22b4-60a82203cbc5}"
EndProject
Project("{FAE04EC0-301F-11D3-BF4B-00C04F79EFBC}") = "com.unity.cinemachine.editor", "com.unity.cinemachine.editor.csproj", "{a9901dfa-ebb7-3afd-b6d6-cfd9d63240d4}"
EndProject
Project("{FAE04EC0-301F-11D3-BF4B-00C04F79EFBC}") = "Unity.TextMeshPro.Editor", "Unity.TextMeshPro.Editor.csproj", "{651b9223-1d49-3552-fade-892e6e843c3f}"
EndProject
Project("{FAE04EC0-301F-11D3-BF4B-00C04F79EFBC}") = "Unity.VisualScripting.SettingsProvider.Editor", "Unity.VisualScripting.SettingsProvider.Editor.csproj", "{db89644f-431d-7769-779c-05896c34395b}"
EndProject
Project("{FAE04EC0-301F-11D3-BF4B-00C04F79EFBC}") = "UnityEditor.TestRunner", "UnityEditor.TestRunner.csproj", "{84d77f67-4616-0a38-4f03-16ab5e7769f7}"
EndProject
Project("{FAE04EC0-301F-11D3-BF4B-00C04F79EFBC}") = "Unity.VisualScripting.Flow.Editor", "Unity.VisualScripting.Flow.Editor.csproj", "{3be7305c-66e6-ffc8-a35a-0a6a8b4f4610}"
EndProject
Project("{FAE04EC0-301F-11D3-BF4B-00C04F79EFBC}") = "Unity.Rider.Editor", "Unity.Rider.Editor.csproj", "{35b7e023-97a7-dbdc-b926-161520c4dc89}"
EndProject
Project("{FAE04EC0-301F-11D3-BF4B-00C04F79EFBC}") = "Unity.CollabProxy.Editor", "Unity.CollabProxy.Editor.csproj", "{4bef6551-7042-78d6-30a6-28520a4ec193}"
EndProject
Project("{FAE04EC0-301F-11D3-BF4B-00C04F79EFBC}") = "Unity.ScriptableBuildPipeline.Editor", "Unity.ScriptableBuildPipeline.Editor.csproj", "{6830a9eb-1bb7-0aff-ad7d-1b12cc4ddd79}"
EndProject
Project("{FAE04EC0-301F-11D3-BF4B-00C04F79EFBC}") = "GBG.PlayableGraphMonitor.Editor", "GBG.PlayableGraphMonitor.Editor.csproj", "{d26115e6-850e-ab78-667f-4a33966bd35e}"
EndProject
Project("{FAE04EC0-301F-11D3-BF4B-00C04F79EFBC}") = "YooAsset.Editor", "YooAsset.Editor.csproj", "{e17e49b1-467b-9f35-a59e-d9aea156de57}"
EndProject
Project("{FAE04EC0-301F-11D3-BF4B-00C04F79EFBC}") = "Unity.RenderPipelines.Core.Editor", "Unity.RenderPipelines.Core.Editor.csproj", "{a8cca490-fd0e-ac44-1ae7-79afcaec1ad8}"
EndProject
Project("{FAE04EC0-301F-11D3-BF4B-00C04F79EFBC}") = "FairyGUI.Editor", "FairyGUI.Editor.csproj", "{814cea85-9b10-a95f-148f-28df8fb38720}"
EndProject
Project("{FAE04EC0-301F-11D3-BF4B-00C04F79EFBC}") = "Unity.Services.Core.Editor", "Unity.Services.Core.Editor.csproj", "{ff627404-3842-6ecc-ca69-d3a7280e4567}"
EndProject
Project("{FAE04EC0-301F-11D3-BF4B-00C04F79EFBC}") = "Unity.Postprocessing.Editor", "Unity.Postprocessing.Editor.csproj", "{85e29c1d-59fb-8ad6-2385-9c05dd7de6bb}"
EndProject
Project("{FAE04EC0-301F-11D3-BF4B-00C04F79EFBC}") = "HybridCLR.Editor", "HybridCLR.Editor.csproj", "{b5a5cde4-f776-a3cf-965b-7acd393a4ff9}"
EndProject
Project("{FAE04EC0-301F-11D3-BF4B-00C04F79EFBC}") = "Assembly-CSharp-Editor", "Assembly-CSharp-Editor.csproj", "{c6e61163-200a-3b38-320b-694068de37a5}"
EndProject
Project("{FAE04EC0-301F-11D3-BF4B-00C04F79EFBC}") = "Unity.Burst.CodeGen", "Unity.Burst.CodeGen.csproj", "{20ff02be-4ec6-8c98-c6f9-b038409c414d}"
EndProject
Project("{FAE04EC0-301F-11D3-BF4B-00C04F79EFBC}") = "Unity.VSCode.Editor", "Unity.VSCode.Editor.csproj", "{d4ea3cf6-4521-64a8-65f2-ff3cc0a4e30c}"
EndProject
Project("{FAE04EC0-301F-11D3-BF4B-00C04F79EFBC}") = "AstarPathfindingProjectEditor", "AstarPathfindingProjectEditor.csproj", "{6befdd8c-23a1-33d8-aac6-996fc9568b1e}"
EndProject
Project("{FAE04EC0-301F-11D3-BF4B-00C04F79EFBC}") = "Unity.VisualStudio.Editor", "Unity.VisualStudio.Editor.csproj", "{2fd67010-5958-e159-3cc0-c54cbefa2290}"
EndProject
Project("{FAE04EC0-301F-11D3-BF4B-00C04F79EFBC}") = "PPv2URPConverters", "PPv2URPConverters.csproj", "{c035505f-2403-19ee-1749-5ecd4746f976}"
EndProject
Project("{FAE04EC0-301F-11D3-BF4B-00C04F79EFBC}") = "Unity.VisualScripting.State.Editor", "Unity.VisualScripting.State.Editor.csproj", "{0703fade-f85f-e284-3526-ccf1bb017b33}"
EndProject
Project("{FAE04EC0-301F-11D3-BF4B-00C04F79EFBC}") = "UnityEditor.CacheServer", "UnityEditor.CacheServer.csproj", "{47d1913a-f23e-75b8-f70e-f99525d793c5}"
EndProject
Project("{FAE04EC0-301F-11D3-BF4B-00C04F79EFBC}") = "UnityEditor.UI", "UnityEditor.UI.csproj", "{74e1c5c0-7c72-fa9f-cd43-b55bdef754da}"
EndProject
Project("{FAE04EC0-301F-11D3-BF4B-00C04F79EFBC}") = "Unity.Searcher.Editor", "Unity.Searcher.Editor.csproj", "{c1108643-0a9f-f78a-fcbe-c1d5d3670ee2}"
EndProject
Project("{FAE04EC0-301F-11D3-BF4B-00C04F79EFBC}") = "IngameDebugConsole.Editor", "IngameDebugConsole.Editor.csproj", "{1a015f2f-ef4c-fc52-3777-906da4065b5e}"
EndProject
Project("{FAE04EC0-301F-11D3-BF4B-00C04F79EFBC}") = "Unity.Services.Core.Configuration.Editor", "Unity.Services.Core.Configuration.Editor.csproj", "{80863d25-f5a6-cdd4-d645-0ff4693312ab}"
EndProject
Project("{FAE04EC0-301F-11D3-BF4B-00C04F79EFBC}") = "Unity.Burst.Editor", "Unity.Burst.Editor.csproj", "{e74d0544-fb3f-a89c-c745-9769758465d8}"
EndProject
Project("{FAE04EC0-301F-11D3-BF4B-00C04F79EFBC}") = "Sirenix.OdinInspector.CompatibilityLayer.Editor", "Sirenix.OdinInspector.CompatibilityLayer.Editor.csproj", "{e0456168-1ba5-5e68-ef99-a1034c8b63ab}"
EndProject
Project("{FAE04EC0-301F-11D3-BF4B-00C04F79EFBC}") = "PackageToolsEditor", "PackageToolsEditor.csproj", "{346bfd4e-0076-82ff-20d5-7a2add949d31}"
EndProject
Project("{FAE04EC0-301F-11D3-BF4B-00C04F79EFBC}") = "UniTask.Editor", "UniTask.Editor.csproj", "{70f737f3-96c0-a435-36a5-5d782e401934}"
EndProject
Project("{FAE04EC0-301F-11D3-BF4B-00C04F79EFBC}") = "Unity.ShaderGraph.Utilities", "Unity.ShaderGraph.Utilities.csproj", "{e379cc4a-07ca-e3e7-8188-50d8e1851b65}"
EndProject
Project("{FAE04EC0-301F-11D3-BF4B-00C04F79EFBC}") = "Unity.Mathematics.Editor", "Unity.Mathematics.Editor.csproj", "{b222b8e9-4c55-4797-e65b-2cfa5626b69a}"
EndProject
Project("{FAE04EC0-301F-11D3-BF4B-00C04F79EFBC}") = "Sirenix.OdinInspector.Modules.UnityMathematics", "Sirenix.OdinInspector.Modules.UnityMathematics.csproj", "{56df1de4-7636-2075-3b3d-021f8dba6bfa}"
EndProject
Project("{FAE04EC0-301F-11D3-BF4B-00C04F79EFBC}") = "Unity.VisualScripting.Shared.Editor", "Unity.VisualScripting.Shared.Editor.csproj", "{58cf9cb8-9dba-8f43-f2f8-e923457c1691}"
EndProject
Project("{FAE04EC0-301F-11D3-BF4B-00C04F79EFBC}") = "Assembly-CSharp-firstpass", "Assembly-CSharp-firstpass.csproj", "{09b46226-3263-561e-d797-c9025c53bdd6}"
EndProject
Project("{FAE04EC0-301F-11D3-BF4B-00C04F79EFBC}") = "UnityEngine.UI.Tests", "UnityEngine.UI.Tests.csproj", "{219c6149-e7e9-29e7-65dd-062bacb5802d}"
EndProject
Project("{FAE04EC0-301F-11D3-BF4B-00C04F79EFBC}") = "Unity.Burst.Tests.UnitTests", "Unity.Burst.Tests.UnitTests.csproj", "{e445d710-a09b-14ba-8cf2-1d10ec1b763d}"
EndProject
Project("{FAE04EC0-301F-11D3-BF4B-00C04F79EFBC}") = "UnityEditor.UI.EditorTests", "UnityEditor.UI.EditorTests.csproj", "{0c845559-1492-f01d-a7ab-a330a661c34d}"
EndProject
Project("{FAE04EC0-301F-11D3-BF4B-00C04F79EFBC}") = "Unity.Mathematics.Tests", "Unity.Mathematics.Tests.csproj", "{16b76928-80d7-3525-3f65-abb1479dad96}"
EndProject
Project("{FAE04EC0-301F-11D3-BF4B-00C04F79EFBC}") = "Unity.TextMeshPro.Tests", "Unity.TextMeshPro.Tests.csproj", "{9a02ff8e-ade4-aeb7-6b24-6dc12d676bb2}"
EndProject
Project("{FAE04EC0-301F-11D3-BF4B-00C04F79EFBC}") = "Unity.RenderPipelines.Core.Runtime.Tests", "Unity.RenderPipelines.Core.Runtime.Tests.csproj", "{256b7ddc-313a-d557-ea2e-c5361c77f2f3}"
EndProject
Project("{FAE04EC0-301F-11D3-BF4B-00C04F79EFBC}") = "Unity.ScriptableBuildPipeline.Editor.Tests", "Unity.ScriptableBuildPipeline.Editor.Tests.csproj", "{b7a0ed36-7150-0913-0b69-44af361ffde2}"
EndProject
Project("{FAE04EC0-301F-11D3-BF4B-00C04F79EFBC}") = "Unity.Burst.Editor.Tests", "Unity.Burst.Editor.Tests.csproj", "{55fe5d26-e58b-e859-0ea5-3f08916d3b82}"
EndProject
Project("{FAE04EC0-301F-11D3-BF4B-00C04F79EFBC}") = "Unity.Searcher.EditorTests", "Unity.Searcher.EditorTests.csproj", "{1502e028-abaf-bbf1-f733-589d09df6062}"
EndProject
Project("{FAE04EC0-301F-11D3-BF4B-00C04F79EFBC}") = "Unity.RenderPipelines.Core.Editor.Tests", "Unity.RenderPipelines.Core.Editor.Tests.csproj", "{38402df3-1d8b-43e6-7d70-21fc7b7c40d4}"
EndProject
Project("{FAE04EC0-301F-11D3-BF4B-00C04F79EFBC}") = "Unity.RenderPipelines.Universal.Runtime.Tests", "Unity.RenderPipelines.Universal.Runtime.Tests.csproj", "{6fbfa052-2539-09d5-4271-1e302876cc3b}"
EndProject
Project("{FAE04EC0-301F-11D3-BF4B-00C04F79EFBC}") = "Unity.Postprocessing.Editor.Tests", "Unity.Postprocessing.Editor.Tests.csproj", "{72079ac6-cf1b-e773-8bcf-3cd6ecf332a7}"
EndProject
Project("{FAE04EC0-301F-11D3-BF4B-00C04F79EFBC}") = "DocCodeExamples", "DocCodeExamples.csproj", "{7df720ca-a16d-54d1-c4c1-2a843dc29603}"
EndProject
Project("{FAE04EC0-301F-11D3-BF4B-00C04F79EFBC}") = "Unity.RenderPipelines.Universal.Editor.Tests", "Unity.RenderPipelines.Universal.Editor.Tests.csproj", "{a2281099-c63c-475d-742e-779f2008bb94}"
EndProject
Project("{FAE04EC0-301F-11D3-BF4B-00C04F79EFBC}") = "Unity.ShaderGraph.Editor.Tests", "Unity.ShaderGraph.Editor.Tests.csproj", "{d7acd1aa-3ff5-c452-6c4c-169b58615d26}"
EndProject
Project("{FAE04EC0-301F-11D3-BF4B-00C04F79EFBC}") = "Unity.Postprocessing.Runtime.Tests", "Unity.Postprocessing.Runtime.Tests.csproj", "{0c1860e1-788c-bee5-71aa-6a061f55986f}"
EndProject
Project("{FAE04EC0-301F-11D3-BF4B-00C04F79EFBC}") = "Unity.TextMeshPro.Editor.Tests", "Unity.TextMeshPro.Editor.Tests.csproj", "{66f8153e-d264-e3fc-c0c8-4649b6572425}"
EndProject
Project("{FAE04EC0-301F-11D3-BF4B-00C04F79EFBC}") = "Unity.InputSystem.IntegrationTests", "Unity.InputSystem.IntegrationTests.csproj", "{81325fb0-73c7-a35b-e200-7fb0841eb9b6}"
EndProject
Project("{FAE04EC0-301F-11D3-BF4B-00C04F79EFBC}") = "com.unity.cinemachine.EditorTests", "com.unity.cinemachine.EditorTests.csproj", "{1b60dd04-ef0a-ff8e-abc8-762e68984184}"
EndProject
Project("{FAE04EC0-301F-11D3-BF4B-00C04F79EFBC}") = "UnityEditor.CacheServerTests", "UnityEditor.CacheServerTests.csproj", "{04e43b54-3fe2-8d89-bd09-d6a53748afc0}"
EndProject
Project("{FAE04EC0-301F-11D3-BF4B-00C04F79EFBC}") = "Unity.ScriptableBuildPipeline.Tests", "Unity.ScriptableBuildPipeline.Tests.csproj", "{043748fa-6551-69f0-1e1c-94a01e5f3f5e}"
EndProject
Project("{FAE04EC0-301F-11D3-BF4B-00C04F79EFBC}") = "SeparateAssembly", "SeparateAssembly.csproj", "{f53401de-a16c-1712-682d-7274eb2e3449}"
EndProject
Project("{FAE04EC0-301F-11D3-BF4B-00C04F79EFBC}") = "com.unity.cinemachine.Tests", "com.unity.cinemachine.Tests.csproj", "{988d57e7-8333-1c6f-2512-2252eda760b0}"
EndProject
Global
	GlobalSection(SolutionConfigurationPlatforms) = preSolution
		Debug|Any CPU = Debug|Any CPU
	EndGlobalSection
	GlobalSection(ProjectConfigurationPlatforms) = postSolution
		{979dfe98-9199-94e5-7d3c-a2abc20e4793}.Debug|Any CPU.ActiveCfg = Debug|Any CPU
		{979dfe98-9199-94e5-7d3c-a2abc20e4793}.Debug|Any CPU.Build.0 = Debug|Any CPU
		{bd9fa624-8739-25a7-eb0e-444640a78f6f}.Debug|Any CPU.ActiveCfg = Debug|Any CPU
		{bd9fa624-8739-25a7-eb0e-444640a78f6f}.Debug|Any CPU.Build.0 = Debug|Any CPU
		{f41b355c-331a-af48-b348-52fd7a76b064}.Debug|Any CPU.ActiveCfg = Debug|Any CPU
		{f41b355c-331a-af48-b348-52fd7a76b064}.Debug|Any CPU.Build.0 = Debug|Any CPU
		{bab5d22a-8583-2c7d-88ed-c468ec0e7027}.Debug|Any CPU.ActiveCfg = Debug|Any CPU
		{bab5d22a-8583-2c7d-88ed-c468ec0e7027}.Debug|Any CPU.Build.0 = Debug|Any CPU
		{5d40b520-7633-57b2-dd4f-74f829ef4ae4}.Debug|Any CPU.ActiveCfg = Debug|Any CPU
		{5d40b520-7633-57b2-dd4f-74f829ef4ae4}.Debug|Any CPU.Build.0 = Debug|Any CPU
		{ed943ac8-3d8f-7c17-157d-c4c31cbc811c}.Debug|Any CPU.ActiveCfg = Debug|Any CPU
		{ed943ac8-3d8f-7c17-157d-c4c31cbc811c}.Debug|Any CPU.Build.0 = Debug|Any CPU
		{37dc956a-ac73-a778-c063-9fbac5003603}.Debug|Any CPU.ActiveCfg = Debug|Any CPU
		{37dc956a-ac73-a778-c063-9fbac5003603}.Debug|Any CPU.Build.0 = Debug|Any CPU
		{4337c050-cc3a-134b-6dfa-c9e140f3f61a}.Debug|Any CPU.ActiveCfg = Debug|Any CPU
		{4337c050-cc3a-134b-6dfa-c9e140f3f61a}.Debug|Any CPU.Build.0 = Debug|Any CPU
		{c678c602-0a4a-3246-5b09-5b414fc0d5de}.Debug|Any CPU.ActiveCfg = Debug|Any CPU
		{c678c602-0a4a-3246-5b09-5b414fc0d5de}.Debug|Any CPU.Build.0 = Debug|Any CPU
		{ee3d1ba9-6ea3-fb57-2df9-1c7027321110}.Debug|Any CPU.ActiveCfg = Debug|Any CPU
		{ee3d1ba9-6ea3-fb57-2df9-1c7027321110}.Debug|Any CPU.Build.0 = Debug|Any CPU
		{f4cf6b1d-2314-3cd4-2919-94501cec3479}.Debug|Any CPU.ActiveCfg = Debug|Any CPU
		{f4cf6b1d-2314-3cd4-2919-94501cec3479}.Debug|Any CPU.Build.0 = Debug|Any CPU
		{94cff147-b067-7fa2-4d82-8a076580acea}.Debug|Any CPU.ActiveCfg = Debug|Any CPU
		{94cff147-b067-7fa2-4d82-8a076580acea}.Debug|Any CPU.Build.0 = Debug|Any CPU
		{8e489ad3-ce7f-1f86-b4dd-48897ca61438}.Debug|Any CPU.ActiveCfg = Debug|Any CPU
		{8e489ad3-ce7f-1f86-b4dd-48897ca61438}.Debug|Any CPU.Build.0 = Debug|Any CPU
		{3b86216b-72df-a555-5f96-65b39a83c610}.Debug|Any CPU.ActiveCfg = Debug|Any CPU
		{3b86216b-72df-a555-5f96-65b39a83c610}.Debug|Any CPU.Build.0 = Debug|Any CPU
		{65343c24-73e0-7976-69e3-91dbd2eff47b}.Debug|Any CPU.ActiveCfg = Debug|Any CPU
		{65343c24-73e0-7976-69e3-91dbd2eff47b}.Debug|Any CPU.Build.0 = Debug|Any CPU
		{dfd7019c-bb86-3498-4973-5d336b1f52ef}.Debug|Any CPU.ActiveCfg = Debug|Any CPU
		{dfd7019c-bb86-3498-4973-5d336b1f52ef}.Debug|Any CPU.Build.0 = Debug|Any CPU
		{7ae84323-8279-2bed-3a96-b03194de76f4}.Debug|Any CPU.ActiveCfg = Debug|Any CPU
		{7ae84323-8279-2bed-3a96-b03194de76f4}.Debug|Any CPU.Build.0 = Debug|Any CPU
		{969b6393-7326-9cc5-ac5f-d252d24b1a34}.Debug|Any CPU.ActiveCfg = Debug|Any CPU
		{969b6393-7326-9cc5-ac5f-d252d24b1a34}.Debug|Any CPU.Build.0 = Debug|Any CPU
		{03938ccd-4b40-8dfb-6b9b-21988d5cac0a}.Debug|Any CPU.ActiveCfg = Debug|Any CPU
		{03938ccd-4b40-8dfb-6b9b-21988d5cac0a}.Debug|Any CPU.Build.0 = Debug|Any CPU
		{fbdf8803-6ad7-83ad-0fe9-28598ca1a00f}.Debug|Any CPU.ActiveCfg = Debug|Any CPU
		{fbdf8803-6ad7-83ad-0fe9-28598ca1a00f}.Debug|Any CPU.Build.0 = Debug|Any CPU
		{fe0f4466-fc68-3bfe-96b7-2ccaaefe0c97}.Debug|Any CPU.ActiveCfg = Debug|Any CPU
		{fe0f4466-fc68-3bfe-96b7-2ccaaefe0c97}.Debug|Any CPU.Build.0 = Debug|Any CPU
		{7d62b56e-fae8-8791-0d5c-cd9a2e61e29d}.Debug|Any CPU.ActiveCfg = Debug|Any CPU
		{7d62b56e-fae8-8791-0d5c-cd9a2e61e29d}.Debug|Any CPU.Build.0 = Debug|Any CPU
		{ba438e91-b0bf-a79f-d3c2-9bd920184e73}.Debug|Any CPU.ActiveCfg = Debug|Any CPU
		{ba438e91-b0bf-a79f-d3c2-9bd920184e73}.Debug|Any CPU.Build.0 = Debug|Any CPU
		{e559df33-bb23-6abd-79fc-f7edd62a7329}.Debug|Any CPU.ActiveCfg = Debug|Any CPU
		{e559df33-bb23-6abd-79fc-f7edd62a7329}.Debug|Any CPU.Build.0 = Debug|Any CPU
		{fa5be71f-d656-496b-4dcc-375d8109000d}.Debug|Any CPU.ActiveCfg = Debug|Any CPU
		{fa5be71f-d656-496b-4dcc-375d8109000d}.Debug|Any CPU.Build.0 = Debug|Any CPU
		{63b491c9-db19-5561-f15e-1c9ea0e3c9f0}.Debug|Any CPU.ActiveCfg = Debug|Any CPU
		{63b491c9-db19-5561-f15e-1c9ea0e3c9f0}.Debug|Any CPU.Build.0 = Debug|Any CPU
		{22e42b9f-676f-18ca-867c-a7d5d221a80f}.Debug|Any CPU.ActiveCfg = Debug|Any CPU
		{22e42b9f-676f-18ca-867c-a7d5d221a80f}.Debug|Any CPU.Build.0 = Debug|Any CPU
		{ce75414b-41d6-dd43-490f-e90c57bacb93}.Debug|Any CPU.ActiveCfg = Debug|Any CPU
		{ce75414b-41d6-dd43-490f-e90c57bacb93}.Debug|Any CPU.Build.0 = Debug|Any CPU
		{3c3e9921-47f8-9d60-5102-f3696f8fbe3f}.Debug|Any CPU.ActiveCfg = Debug|Any CPU
		{3c3e9921-47f8-9d60-5102-f3696f8fbe3f}.Debug|Any CPU.Build.0 = Debug|Any CPU
		{e8e429fd-129d-8b84-532b-c8667ad4c1e2}.Debug|Any CPU.ActiveCfg = Debug|Any CPU
		{e8e429fd-129d-8b84-532b-c8667ad4c1e2}.Debug|Any CPU.Build.0 = Debug|Any CPU
		{d2cd2bce-5381-f1eb-572c-2a35b57f22ae}.Debug|Any CPU.ActiveCfg = Debug|Any CPU
		{d2cd2bce-5381-f1eb-572c-2a35b57f22ae}.Debug|Any CPU.Build.0 = Debug|Any CPU
		{f33a4f4e-838d-b35c-ceb7-3f8a7ab9a9af}.Debug|Any CPU.ActiveCfg = Debug|Any CPU
		{f33a4f4e-838d-b35c-ceb7-3f8a7ab9a9af}.Debug|Any CPU.Build.0 = Debug|Any CPU
		{9df118af-f9b8-47b5-c242-63718d7ed119}.Debug|Any CPU.ActiveCfg = Debug|Any CPU
		{9df118af-f9b8-47b5-c242-63718d7ed119}.Debug|Any CPU.Build.0 = Debug|Any CPU
		{4ac2fa0e-6449-85a8-6586-594a32b64ab4}.Debug|Any CPU.ActiveCfg = Debug|Any CPU
		{4ac2fa0e-6449-85a8-6586-594a32b64ab4}.Debug|Any CPU.Build.0 = Debug|Any CPU
		{5f2e551f-d2e4-d1df-653d-9aa4e312830a}.Debug|Any CPU.ActiveCfg = Debug|Any CPU
		{5f2e551f-d2e4-d1df-653d-9aa4e312830a}.Debug|Any CPU.Build.0 = Debug|Any CPU
		{dec97f20-3d1b-1d47-711d-e9385a76cfc1}.Debug|Any CPU.ActiveCfg = Debug|Any CPU
		{dec97f20-3d1b-1d47-711d-e9385a76cfc1}.Debug|Any CPU.Build.0 = Debug|Any CPU
		{be053fc7-2e85-b420-1a11-3f4a1d32b43e}.Debug|Any CPU.ActiveCfg = Debug|Any CPU
		{be053fc7-2e85-b420-1a11-3f4a1d32b43e}.Debug|Any CPU.Build.0 = Debug|Any CPU
		{edb5b31a-914e-06eb-c26d-77e30cf7f174}.Debug|Any CPU.ActiveCfg = Debug|Any CPU
		{edb5b31a-914e-06eb-c26d-77e30cf7f174}.Debug|Any CPU.Build.0 = Debug|Any CPU
		{b73cccd2-26c1-d397-7fbb-468c92e91983}.Debug|Any CPU.ActiveCfg = Debug|Any CPU
		{b73cccd2-26c1-d397-7fbb-468c92e91983}.Debug|Any CPU.Build.0 = Debug|Any CPU
		{f365fb75-d0c5-fef8-15cb-1fb202169e8a}.Debug|Any CPU.ActiveCfg = Debug|Any CPU
		{f365fb75-d0c5-fef8-15cb-1fb202169e8a}.Debug|Any CPU.Build.0 = Debug|Any CPU
		{9e753dfd-b4dd-5fd0-b3ce-ac587efbd560}.Debug|Any CPU.ActiveCfg = Debug|Any CPU
		{9e753dfd-b4dd-5fd0-b3ce-ac587efbd560}.Debug|Any CPU.Build.0 = Debug|Any CPU
		{b8858eb3-3501-d713-3eb5-0c32e8dd6d32}.Debug|Any CPU.ActiveCfg = Debug|Any CPU
		{b8858eb3-3501-d713-3eb5-0c32e8dd6d32}.Debug|Any CPU.Build.0 = Debug|Any CPU
		{86e9e3b2-607d-95d0-f253-3311097e2c40}.Debug|Any CPU.ActiveCfg = Debug|Any CPU
		{86e9e3b2-607d-95d0-f253-3311097e2c40}.Debug|Any CPU.Build.0 = Debug|Any CPU
		{2b300fef-22e5-8e33-299d-e81b8a400794}.Debug|Any CPU.ActiveCfg = Debug|Any CPU
		{2b300fef-22e5-8e33-299d-e81b8a400794}.Debug|Any CPU.Build.0 = Debug|Any CPU
		{47a58705-8a0a-20a6-68ce-9bbf4713db9d}.Debug|Any CPU.ActiveCfg = Debug|Any CPU
		{47a58705-8a0a-20a6-68ce-9bbf4713db9d}.Debug|Any CPU.Build.0 = Debug|Any CPU
		{12a11b8b-7f02-62f3-33ea-1dd938c79e71}.Debug|Any CPU.ActiveCfg = Debug|Any CPU
		{12a11b8b-7f02-62f3-33ea-1dd938c79e71}.Debug|Any CPU.Build.0 = Debug|Any CPU
		{ae6df5c0-a92f-6e81-5f7e-f196d8ffe5f0}.Debug|Any CPU.ActiveCfg = Debug|Any CPU
		{ae6df5c0-a92f-6e81-5f7e-f196d8ffe5f0}.Debug|Any CPU.Build.0 = Debug|Any CPU
		{2f530e06-cca7-161a-01b9-0629a5a15367}.Debug|Any CPU.ActiveCfg = Debug|Any CPU
		{2f530e06-cca7-161a-01b9-0629a5a15367}.Debug|Any CPU.Build.0 = Debug|Any CPU
		{9f94db9c-5882-04d7-c896-b8fd99196c07}.Debug|Any CPU.ActiveCfg = Debug|Any CPU
		{9f94db9c-5882-04d7-c896-b8fd99196c07}.Debug|Any CPU.Build.0 = Debug|Any CPU
		{a3cd058e-d81d-4658-0256-e8eec1407181}.Debug|Any CPU.ActiveCfg = Debug|Any CPU
		{a3cd058e-d81d-4658-0256-e8eec1407181}.Debug|Any CPU.Build.0 = Debug|Any CPU
		{8fde539b-b477-26b5-0f99-c769ace654db}.Debug|Any CPU.ActiveCfg = Debug|Any CPU
		{8fde539b-b477-26b5-0f99-c769ace654db}.Debug|Any CPU.Build.0 = Debug|Any CPU
		{4f63daae-f5cd-01d3-9fa4-bd9bc22dc82d}.Debug|Any CPU.ActiveCfg = Debug|Any CPU
		{4f63daae-f5cd-01d3-9fa4-bd9bc22dc82d}.Debug|Any CPU.Build.0 = Debug|Any CPU
		{c35b59b3-2d1e-4660-22b4-60a82203cbc5}.Debug|Any CPU.ActiveCfg = Debug|Any CPU
		{c35b59b3-2d1e-4660-22b4-60a82203cbc5}.Debug|Any CPU.Build.0 = Debug|Any CPU
		{a9901dfa-ebb7-3afd-b6d6-cfd9d63240d4}.Debug|Any CPU.ActiveCfg = Debug|Any CPU
		{a9901dfa-ebb7-3afd-b6d6-cfd9d63240d4}.Debug|Any CPU.Build.0 = Debug|Any CPU
		{651b9223-1d49-3552-fade-892e6e843c3f}.Debug|Any CPU.ActiveCfg = Debug|Any CPU
		{651b9223-1d49-3552-fade-892e6e843c3f}.Debug|Any CPU.Build.0 = Debug|Any CPU
		{db89644f-431d-7769-779c-05896c34395b}.Debug|Any CPU.ActiveCfg = Debug|Any CPU
		{db89644f-431d-7769-779c-05896c34395b}.Debug|Any CPU.Build.0 = Debug|Any CPU
		{84d77f67-4616-0a38-4f03-16ab5e7769f7}.Debug|Any CPU.ActiveCfg = Debug|Any CPU
		{84d77f67-4616-0a38-4f03-16ab5e7769f7}.Debug|Any CPU.Build.0 = Debug|Any CPU
		{3be7305c-66e6-ffc8-a35a-0a6a8b4f4610}.Debug|Any CPU.ActiveCfg = Debug|Any CPU
		{3be7305c-66e6-ffc8-a35a-0a6a8b4f4610}.Debug|Any CPU.Build.0 = Debug|Any CPU
		{35b7e023-97a7-dbdc-b926-161520c4dc89}.Debug|Any CPU.ActiveCfg = Debug|Any CPU
		{35b7e023-97a7-dbdc-b926-161520c4dc89}.Debug|Any CPU.Build.0 = Debug|Any CPU
		{4bef6551-7042-78d6-30a6-28520a4ec193}.Debug|Any CPU.ActiveCfg = Debug|Any CPU
		{4bef6551-7042-78d6-30a6-28520a4ec193}.Debug|Any CPU.Build.0 = Debug|Any CPU
		{6830a9eb-1bb7-0aff-ad7d-1b12cc4ddd79}.Debug|Any CPU.ActiveCfg = Debug|Any CPU
		{6830a9eb-1bb7-0aff-ad7d-1b12cc4ddd79}.Debug|Any CPU.Build.0 = Debug|Any CPU
		{d26115e6-850e-ab78-667f-4a33966bd35e}.Debug|Any CPU.ActiveCfg = Debug|Any CPU
		{d26115e6-850e-ab78-667f-4a33966bd35e}.Debug|Any CPU.Build.0 = Debug|Any CPU
		{e17e49b1-467b-9f35-a59e-d9aea156de57}.Debug|Any CPU.ActiveCfg = Debug|Any CPU
		{e17e49b1-467b-9f35-a59e-d9aea156de57}.Debug|Any CPU.Build.0 = Debug|Any CPU
		{a8cca490-fd0e-ac44-1ae7-79afcaec1ad8}.Debug|Any CPU.ActiveCfg = Debug|Any CPU
		{a8cca490-fd0e-ac44-1ae7-79afcaec1ad8}.Debug|Any CPU.Build.0 = Debug|Any CPU
		{814cea85-9b10-a95f-148f-28df8fb38720}.Debug|Any CPU.ActiveCfg = Debug|Any CPU
		{814cea85-9b10-a95f-148f-28df8fb38720}.Debug|Any CPU.Build.0 = Debug|Any CPU
		{ff627404-3842-6ecc-ca69-d3a7280e4567}.Debug|Any CPU.ActiveCfg = Debug|Any CPU
		{ff627404-3842-6ecc-ca69-d3a7280e4567}.Debug|Any CPU.Build.0 = Debug|Any CPU
		{85e29c1d-59fb-8ad6-2385-9c05dd7de6bb}.Debug|Any CPU.ActiveCfg = Debug|Any CPU
		{85e29c1d-59fb-8ad6-2385-9c05dd7de6bb}.Debug|Any CPU.Build.0 = Debug|Any CPU
		{b5a5cde4-f776-a3cf-965b-7acd393a4ff9}.Debug|Any CPU.ActiveCfg = Debug|Any CPU
		{b5a5cde4-f776-a3cf-965b-7acd393a4ff9}.Debug|Any CPU.Build.0 = Debug|Any CPU
		{c6e61163-200a-3b38-320b-694068de37a5}.Debug|Any CPU.ActiveCfg = Debug|Any CPU
		{c6e61163-200a-3b38-320b-694068de37a5}.Debug|Any CPU.Build.0 = Debug|Any CPU
		{20ff02be-4ec6-8c98-c6f9-b038409c414d}.Debug|Any CPU.ActiveCfg = Debug|Any CPU
		{20ff02be-4ec6-8c98-c6f9-b038409c414d}.Debug|Any CPU.Build.0 = Debug|Any CPU
		{d4ea3cf6-4521-64a8-65f2-ff3cc0a4e30c}.Debug|Any CPU.ActiveCfg = Debug|Any CPU
		{d4ea3cf6-4521-64a8-65f2-ff3cc0a4e30c}.Debug|Any CPU.Build.0 = Debug|Any CPU
		{6befdd8c-23a1-33d8-aac6-996fc9568b1e}.Debug|Any CPU.ActiveCfg = Debug|Any CPU
		{6befdd8c-23a1-33d8-aac6-996fc9568b1e}.Debug|Any CPU.Build.0 = Debug|Any CPU
		{2fd67010-5958-e159-3cc0-c54cbefa2290}.Debug|Any CPU.ActiveCfg = Debug|Any CPU
		{2fd67010-5958-e159-3cc0-c54cbefa2290}.Debug|Any CPU.Build.0 = Debug|Any CPU
		{c035505f-2403-19ee-1749-5ecd4746f976}.Debug|Any CPU.ActiveCfg = Debug|Any CPU
		{c035505f-2403-19ee-1749-5ecd4746f976}.Debug|Any CPU.Build.0 = Debug|Any CPU
		{0703fade-f85f-e284-3526-ccf1bb017b33}.Debug|Any CPU.ActiveCfg = Debug|Any CPU
		{0703fade-f85f-e284-3526-ccf1bb017b33}.Debug|Any CPU.Build.0 = Debug|Any CPU
		{47d1913a-f23e-75b8-f70e-f99525d793c5}.Debug|Any CPU.ActiveCfg = Debug|Any CPU
		{47d1913a-f23e-75b8-f70e-f99525d793c5}.Debug|Any CPU.Build.0 = Debug|Any CPU
		{74e1c5c0-7c72-fa9f-cd43-b55bdef754da}.Debug|Any CPU.ActiveCfg = Debug|Any CPU
		{74e1c5c0-7c72-fa9f-cd43-b55bdef754da}.Debug|Any CPU.Build.0 = Debug|Any CPU
		{c1108643-0a9f-f78a-fcbe-c1d5d3670ee2}.Debug|Any CPU.ActiveCfg = Debug|Any CPU
		{c1108643-0a9f-f78a-fcbe-c1d5d3670ee2}.Debug|Any CPU.Build.0 = Debug|Any CPU
		{1a015f2f-ef4c-fc52-3777-906da4065b5e}.Debug|Any CPU.ActiveCfg = Debug|Any CPU
		{1a015f2f-ef4c-fc52-3777-906da4065b5e}.Debug|Any CPU.Build.0 = Debug|Any CPU
		{80863d25-f5a6-cdd4-d645-0ff4693312ab}.Debug|Any CPU.ActiveCfg = Debug|Any CPU
		{80863d25-f5a6-cdd4-d645-0ff4693312ab}.Debug|Any CPU.Build.0 = Debug|Any CPU
		{e74d0544-fb3f-a89c-c745-9769758465d8}.Debug|Any CPU.ActiveCfg = Debug|Any CPU
		{e74d0544-fb3f-a89c-c745-9769758465d8}.Debug|Any CPU.Build.0 = Debug|Any CPU
		{e0456168-1ba5-5e68-ef99-a1034c8b63ab}.Debug|Any CPU.ActiveCfg = Debug|Any CPU
		{e0456168-1ba5-5e68-ef99-a1034c8b63ab}.Debug|Any CPU.Build.0 = Debug|Any CPU
		{346bfd4e-0076-82ff-20d5-7a2add949d31}.Debug|Any CPU.ActiveCfg = Debug|Any CPU
		{346bfd4e-0076-82ff-20d5-7a2add949d31}.Debug|Any CPU.Build.0 = Debug|Any CPU
		{70f737f3-96c0-a435-36a5-5d782e401934}.Debug|Any CPU.ActiveCfg = Debug|Any CPU
		{70f737f3-96c0-a435-36a5-5d782e401934}.Debug|Any CPU.Build.0 = Debug|Any CPU
		{e379cc4a-07ca-e3e7-8188-50d8e1851b65}.Debug|Any CPU.ActiveCfg = Debug|Any CPU
		{e379cc4a-07ca-e3e7-8188-50d8e1851b65}.Debug|Any CPU.Build.0 = Debug|Any CPU
		{b222b8e9-4c55-4797-e65b-2cfa5626b69a}.Debug|Any CPU.ActiveCfg = Debug|Any CPU
		{b222b8e9-4c55-4797-e65b-2cfa5626b69a}.Debug|Any CPU.Build.0 = Debug|Any CPU
		{56df1de4-7636-2075-3b3d-021f8dba6bfa}.Debug|Any CPU.ActiveCfg = Debug|Any CPU
		{56df1de4-7636-2075-3b3d-021f8dba6bfa}.Debug|Any CPU.Build.0 = Debug|Any CPU
		{58cf9cb8-9dba-8f43-f2f8-e923457c1691}.Debug|Any CPU.ActiveCfg = Debug|Any CPU
		{58cf9cb8-9dba-8f43-f2f8-e923457c1691}.Debug|Any CPU.Build.0 = Debug|Any CPU
		{09b46226-3263-561e-d797-c9025c53bdd6}.Debug|Any CPU.ActiveCfg = Debug|Any CPU
		{09b46226-3263-561e-d797-c9025c53bdd6}.Debug|Any CPU.Build.0 = Debug|Any CPU
		{219c6149-e7e9-29e7-65dd-062bacb5802d}.Debug|Any CPU.ActiveCfg = Debug|Any CPU
		{219c6149-e7e9-29e7-65dd-062bacb5802d}.Debug|Any CPU.Build.0 = Debug|Any CPU
		{e445d710-a09b-14ba-8cf2-1d10ec1b763d}.Debug|Any CPU.ActiveCfg = Debug|Any CPU
		{e445d710-a09b-14ba-8cf2-1d10ec1b763d}.Debug|Any CPU.Build.0 = Debug|Any CPU
		{0c845559-1492-f01d-a7ab-a330a661c34d}.Debug|Any CPU.ActiveCfg = Debug|Any CPU
		{0c845559-1492-f01d-a7ab-a330a661c34d}.Debug|Any CPU.Build.0 = Debug|Any CPU
		{16b76928-80d7-3525-3f65-abb1479dad96}.Debug|Any CPU.ActiveCfg = Debug|Any CPU
		{16b76928-80d7-3525-3f65-abb1479dad96}.Debug|Any CPU.Build.0 = Debug|Any CPU
		{9a02ff8e-ade4-aeb7-6b24-6dc12d676bb2}.Debug|Any CPU.ActiveCfg = Debug|Any CPU
		{9a02ff8e-ade4-aeb7-6b24-6dc12d676bb2}.Debug|Any CPU.Build.0 = Debug|Any CPU
		{256b7ddc-313a-d557-ea2e-c5361c77f2f3}.Debug|Any CPU.ActiveCfg = Debug|Any CPU
		{256b7ddc-313a-d557-ea2e-c5361c77f2f3}.Debug|Any CPU.Build.0 = Debug|Any CPU
		{b7a0ed36-7150-0913-0b69-44af361ffde2}.Debug|Any CPU.ActiveCfg = Debug|Any CPU
		{b7a0ed36-7150-0913-0b69-44af361ffde2}.Debug|Any CPU.Build.0 = Debug|Any CPU
		{55fe5d26-e58b-e859-0ea5-3f08916d3b82}.Debug|Any CPU.ActiveCfg = Debug|Any CPU
		{55fe5d26-e58b-e859-0ea5-3f08916d3b82}.Debug|Any CPU.Build.0 = Debug|Any CPU
		{1502e028-abaf-bbf1-f733-589d09df6062}.Debug|Any CPU.ActiveCfg = Debug|Any CPU
		{1502e028-abaf-bbf1-f733-589d09df6062}.Debug|Any CPU.Build.0 = Debug|Any CPU
		{38402df3-1d8b-43e6-7d70-21fc7b7c40d4}.Debug|Any CPU.ActiveCfg = Debug|Any CPU
		{38402df3-1d8b-43e6-7d70-21fc7b7c40d4}.Debug|Any CPU.Build.0 = Debug|Any CPU
		{6fbfa052-2539-09d5-4271-1e302876cc3b}.Debug|Any CPU.ActiveCfg = Debug|Any CPU
		{6fbfa052-2539-09d5-4271-1e302876cc3b}.Debug|Any CPU.Build.0 = Debug|Any CPU
		{72079ac6-cf1b-e773-8bcf-3cd6ecf332a7}.Debug|Any CPU.ActiveCfg = Debug|Any CPU
		{72079ac6-cf1b-e773-8bcf-3cd6ecf332a7}.Debug|Any CPU.Build.0 = Debug|Any CPU
		{7df720ca-a16d-54d1-c4c1-2a843dc29603}.Debug|Any CPU.ActiveCfg = Debug|Any CPU
		{7df720ca-a16d-54d1-c4c1-2a843dc29603}.Debug|Any CPU.Build.0 = Debug|Any CPU
		{a2281099-c63c-475d-742e-779f2008bb94}.Debug|Any CPU.ActiveCfg = Debug|Any CPU
		{a2281099-c63c-475d-742e-779f2008bb94}.Debug|Any CPU.Build.0 = Debug|Any CPU
		{d7acd1aa-3ff5-c452-6c4c-169b58615d26}.Debug|Any CPU.ActiveCfg = Debug|Any CPU
		{d7acd1aa-3ff5-c452-6c4c-169b58615d26}.Debug|Any CPU.Build.0 = Debug|Any CPU
		{0c1860e1-788c-bee5-71aa-6a061f55986f}.Debug|Any CPU.ActiveCfg = Debug|Any CPU
		{0c1860e1-788c-bee5-71aa-6a061f55986f}.Debug|Any CPU.Build.0 = Debug|Any CPU
		{66f8153e-d264-e3fc-c0c8-4649b6572425}.Debug|Any CPU.ActiveCfg = Debug|Any CPU
		{66f8153e-d264-e3fc-c0c8-4649b6572425}.Debug|Any CPU.Build.0 = Debug|Any CPU
		{81325fb0-73c7-a35b-e200-7fb0841eb9b6}.Debug|Any CPU.ActiveCfg = Debug|Any CPU
		{81325fb0-73c7-a35b-e200-7fb0841eb9b6}.Debug|Any CPU.Build.0 = Debug|Any CPU
		{1b60dd04-ef0a-ff8e-abc8-762e68984184}.Debug|Any CPU.ActiveCfg = Debug|Any CPU
		{1b60dd04-ef0a-ff8e-abc8-762e68984184}.Debug|Any CPU.Build.0 = Debug|Any CPU
		{04e43b54-3fe2-8d89-bd09-d6a53748afc0}.Debug|Any CPU.ActiveCfg = Debug|Any CPU
		{04e43b54-3fe2-8d89-bd09-d6a53748afc0}.Debug|Any CPU.Build.0 = Debug|Any CPU
		{043748fa-6551-69f0-1e1c-94a01e5f3f5e}.Debug|Any CPU.ActiveCfg = Debug|Any CPU
		{043748fa-6551-69f0-1e1c-94a01e5f3f5e}.Debug|Any CPU.Build.0 = Debug|Any CPU
		{f53401de-a16c-1712-682d-7274eb2e3449}.Debug|Any CPU.ActiveCfg = Debug|Any CPU
		{f53401de-a16c-1712-682d-7274eb2e3449}.Debug|Any CPU.Build.0 = Debug|Any CPU
		{988d57e7-8333-1c6f-2512-2252eda760b0}.Debug|Any CPU.ActiveCfg = Debug|Any CPU
		{988d57e7-8333-1c6f-2512-2252eda760b0}.Debug|Any CPU.Build.0 = Debug|Any CPU
	EndGlobalSection
	GlobalSection(SolutionProperties) = preSolution
		HideSolutionNode = FALSE
	EndGlobalSection
EndGlobal
