
Microsoft Visual Studio Solution File, Format Version 12.00
# Visual Studio 15
Project("{FAE04EC0-301F-11D3-BF4B-00C04F79EFBC}") = "FairyGUI", "FairyGUI.csproj", "{5C351BF4-1A33-48AF-B348-52FD7A76B064}"
EndProject
Project("{FAE04EC0-301F-11D3-BF4B-00C04F79EFBC}") = "UniTask", "UniTask.csproj", "{2AD2B5BA-8385-7D2C-88ED-C468EC0E7027}"
EndProject
Project("{FAE04EC0-301F-11D3-BF4B-00C04F79EFBC}") = "Unity.Services.Core.Telemetry", "Unity.Services.Core.Telemetry.csproj", "{20B5405D-3376-B257-DD4F-74F829EF4AE4}"
EndProject
Project("{FAE04EC0-301F-11D3-BF4B-00C04F79EFBC}") = "UnityEngine.TestRunner", "UnityEngine.TestRunner.csproj", "{C83A94ED-8F3D-177C-157D-C4C31CBC811C}"
EndProject
Project("{FAE04EC0-301F-11D3-BF4B-00C04F79EFBC}") = "Unity.InputSystem", "Unity.InputSystem.csproj", "{6A95DC37-73AC-78A7-C063-9FBAC5003603}"
EndProject
Project("{FAE04EC0-301F-11D3-BF4B-00C04F79EFBC}") = "Unity.VisualScripting.State", "Unity.VisualScripting.State.csproj", "{50C03743-3ACC-4B13-6DFA-C9E140F3F61A}"
EndProject
Project("{FAE04EC0-301F-11D3-BF4B-00C04F79EFBC}") = "Unity.VisualScripting.Flow", "Unity.VisualScripting.Flow.csproj", "{1D6BCFF4-1423-D43C-2919-94501CEC3479}"
EndProject
Project("{FAE04EC0-301F-11D3-BF4B-00C04F79EFBC}") = "Unity.Main", "Unity.Main.csproj", "{47F1CF94-67B0-A27F-4D82-8A076580ACEA}"
EndProject
Project("{FAE04EC0-301F-11D3-BF4B-00C04F79EFBC}") = "UniTask.Linq", "UniTask.Linq.csproj", "{D39A488E-7FCE-861F-B4DD-48897CA61438}"
EndProject
Project("{FAE04EC0-301F-11D3-BF4B-00C04F79EFBC}") = "Unity.VisualScripting.Core", "Unity.VisualScripting.Core.csproj", "{6B21863B-DF72-55A5-5F96-65B39A83C610}"
EndProject
Project("{FAE04EC0-301F-11D3-BF4B-00C04F79EFBC}") = "Unity.Services.Core.Environments.Internal", "Unity.Services.Core.Environments.Internal.csproj", "{243C3465-E073-7679-69E3-91DBD2EFF47B}"
EndProject
Project("{FAE04EC0-301F-11D3-BF4B-00C04F79EFBC}") = "Unity.TextMeshPro", "Unity.TextMeshPro.csproj", "{9C01D7DF-86BB-9834-4973-5D336B1F52EF}"
EndProject
Project("{FAE04EC0-301F-11D3-BF4B-00C04F79EFBC}") = "Unity.Burst", "Unity.Burst.csproj", "{2343E87A-7982-ED2B-3A96-B03194DE76F4}"
EndProject
Project("{FAE04EC0-301F-11D3-BF4B-00C04F79EFBC}") = "YooAsset", "YooAsset.csproj", "{93639B96-2673-C59C-AC5F-D252D24B1A34}"
EndProject
Project("{FAE04EC0-301F-11D3-BF4B-00C04F79EFBC}") = "Assembly-CSharp", "Assembly-CSharp.csproj", "{CD8C9303-404B-FB8D-6B9B-21988D5CAC0A}"
EndProject
Project("{FAE04EC0-301F-11D3-BF4B-00C04F79EFBC}") = "Cinemachine", "Cinemachine.csproj", "{66440FFE-68FC-FE3B-96B7-2CCAAEFE0C97}"
EndProject
Project("{FAE04EC0-301F-11D3-BF4B-00C04F79EFBC}") = "Protobuf-net", "Protobuf-net.csproj", "{6EB5627D-E8FA-9187-0D5C-CD9A2E61E29D}"
EndProject
Project("{FAE04EC0-301F-11D3-BF4B-00C04F79EFBC}") = "Unity.Services.Core.Environments", "Unity.Services.Core.Environments.csproj", "{918E43BA-BFB0-9FA7-D3C2-9BD920184E73}"
EndProject
Project("{FAE04EC0-301F-11D3-BF4B-00C04F79EFBC}") = "Unity.Services.Core.Internal", "Unity.Services.Core.Internal.csproj", "{33DF59E5-23BB-BD6A-79FC-F7EDD62A7329}"
EndProject
Project("{FAE04EC0-301F-11D3-BF4B-00C04F79EFBC}") = "AstarPathfindingProject", "AstarPathfindingProject.csproj", "{1FE75BFA-56D6-6B49-4DCC-375D8109000D}"
EndProject
Project("{FAE04EC0-301F-11D3-BF4B-00C04F79EFBC}") = "Unity.Timeline", "Unity.Timeline.csproj", "{C991B463-19DB-6155-F15E-1C9EA0E3C9F0}"
EndProject
Project("{FAE04EC0-301F-11D3-BF4B-00C04F79EFBC}") = "Unity.Mathematics", "Unity.Mathematics.csproj", "{9F2BE422-6F67-CA18-867C-A7D5D221A80F}"
EndProject
Project("{FAE04EC0-301F-11D3-BF4B-00C04F79EFBC}") = "UniTask.DOTween", "UniTask.DOTween.csproj", "{4B4175CE-D641-43DD-490F-E90C57BACB93}"
EndProject
Project("{FAE04EC0-301F-11D3-BF4B-00C04F79EFBC}") = "KumoKyaku.Kcp", "KumoKyaku.Kcp.csproj", "{21993E3C-F847-609D-5102-F3696F8FBE3F}"
EndProject
Project("{FAE04EC0-301F-11D3-BF4B-00C04F79EFBC}") = "Unity.Services.Core.Scheduler", "Unity.Services.Core.Scheduler.csproj", "{FD29E4E8-9D12-848B-532B-C8667AD4C1E2}"
EndProject
Project("{FAE04EC0-301F-11D3-BF4B-00C04F79EFBC}") = "Unity.Services.Core.Device", "Unity.Services.Core.Device.csproj", "{CE2BCDD2-8153-EBF1-572C-2A35B57F22AE}"
EndProject
Project("{FAE04EC0-301F-11D3-BF4B-00C04F79EFBC}") = "IngameDebugConsole.Runtime", "IngameDebugConsole.Runtime.csproj", "{4E4F3AF3-8D83-5CB3-CEB7-3F8A7AB9A9AF}"
EndProject
Project("{FAE04EC0-301F-11D3-BF4B-00C04F79EFBC}") = "HybridCLR.Runtime", "HybridCLR.Runtime.csproj", "{AF18F19D-B8F9-B547-C242-63718D7ED119}"
EndProject
Project("{FAE04EC0-301F-11D3-BF4B-00C04F79EFBC}") = "Unity.Services.Core.Analytics", "Unity.Services.Core.Analytics.csproj", "{0EFAC24A-4964-A885-6586-594A32B64AB4}"
EndProject
Project("{FAE04EC0-301F-11D3-BF4B-00C04F79EFBC}") = "YooAssetEx", "YooAssetEx.csproj", "{1F552E5F-E4D2-DFD1-653D-9AA4E312830A}"
EndProject
Project("{FAE04EC0-301F-11D3-BF4B-00C04F79EFBC}") = "Unity.Services.Core.Configuration", "Unity.Services.Core.Configuration.csproj", "{207FC9DE-1B3D-471D-711D-E9385A76CFC1}"
EndProject
Project("{FAE04EC0-301F-11D3-BF4B-00C04F79EFBC}") = "GBG.PlayableGraphMonitor.Tests", "GBG.PlayableGraphMonitor.Tests.csproj", "{C73F05BE-852E-20B4-1A11-3F4A1D32B43E}"
EndProject
Project("{FAE04EC0-301F-11D3-BF4B-00C04F79EFBC}") = "Unity.Services.Core.Threading", "Unity.Services.Core.Threading.csproj", "{1AB3B5ED-4E91-EB06-C26D-77E30CF7F174}"
EndProject
Project("{FAE04EC0-301F-11D3-BF4B-00C04F79EFBC}") = "Unity.Services.Core", "Unity.Services.Core.csproj", "{D2CC3CB7-C126-97D3-7FBB-468C92E91983}"
EndProject
Project("{FAE04EC0-301F-11D3-BF4B-00C04F79EFBC}") = "Unity.Services.Core.Networking", "Unity.Services.Core.Networking.csproj", "{75FB65F3-C5D0-F8FE-15CB-1FB202169E8A}"
EndProject
Project("{FAE04EC0-301F-11D3-BF4B-00C04F79EFBC}") = "Unity.Services.Core.Registration", "Unity.Services.Core.Registration.csproj", "{FD3D759E-DDB4-D05F-B3CE-AC587EFBD560}"
EndProject
Project("{FAE04EC0-301F-11D3-BF4B-00C04F79EFBC}") = "UniTask.Addressables", "UniTask.Addressables.csproj", "{B38E85B8-0135-13D7-3EB5-0C32E8DD6D32}"
EndProject
Project("{FAE04EC0-301F-11D3-BF4B-00C04F79EFBC}") = "Unity.ScriptableBuildPipeline", "Unity.ScriptableBuildPipeline.csproj", "{EF0F302B-E522-338E-299D-E81B8A400794}"
EndProject
Project("{FAE04EC0-301F-11D3-BF4B-00C04F79EFBC}") = "Unity.InputSystem.TestFramework", "Unity.InputSystem.TestFramework.csproj", "{0587A547-0A8A-A620-68CE-9BBF4713DB9D}"
EndProject
Project("{FAE04EC0-301F-11D3-BF4B-00C04F79EFBC}") = "UniTask.TextMeshPro", "UniTask.TextMeshPro.csproj", "{C0F56DAE-2FA9-816E-5F7E-F196D8FFE5F0}"
EndProject
Project("{FAE04EC0-301F-11D3-BF4B-00C04F79EFBC}") = "Unity.PlasticSCM.Editor", "Unity.PlasticSCM.Editor.csproj", "{9CDB949F-8258-D704-C896-B8FD99196C07}"
EndProject
Project("{FAE04EC0-301F-11D3-BF4B-00C04F79EFBC}") = "Unity.VisualScripting.Core.Editor", "Unity.VisualScripting.Core.Editor.csproj", "{8E05CDA3-1DD8-5846-0256-E8EEC1407181}"
EndProject
Project("{FAE04EC0-301F-11D3-BF4B-00C04F79EFBC}") = "Unity.Timeline.Editor", "Unity.Timeline.Editor.csproj", "{AEDA634F-CDF5-D301-9FA4-BD9BC22DC82D}"
EndProject
Project("{FAE04EC0-301F-11D3-BF4B-00C04F79EFBC}") = "com.unity.cinemachine.editor", "com.unity.cinemachine.editor.csproj", "{FA1D90A9-B7EB-FD3A-B6D6-CFD9D63240D4}"
EndProject
Project("{FAE04EC0-301F-11D3-BF4B-00C04F79EFBC}") = "Unity.TextMeshPro.Editor", "Unity.TextMeshPro.Editor.csproj", "{23921B65-491D-5235-FADE-892E6E843C3F}"
EndProject
Project("{FAE04EC0-301F-11D3-BF4B-00C04F79EFBC}") = "Unity.VisualScripting.SettingsProvider.Editor", "Unity.VisualScripting.SettingsProvider.Editor.csproj", "{4F6489DB-1D43-6977-779C-05896C34395B}"
EndProject
Project("{FAE04EC0-301F-11D3-BF4B-00C04F79EFBC}") = "UnityEditor.TestRunner", "UnityEditor.TestRunner.csproj", "{677FD784-1646-380A-4F03-16AB5E7769F7}"
EndProject
Project("{FAE04EC0-301F-11D3-BF4B-00C04F79EFBC}") = "Unity.VisualScripting.Flow.Editor", "Unity.VisualScripting.Flow.Editor.csproj", "{5C30E73B-E666-C8FF-A35A-0A6A8B4F4610}"
EndProject
Project("{FAE04EC0-301F-11D3-BF4B-00C04F79EFBC}") = "Unity.Rider.Editor", "Unity.Rider.Editor.csproj", "{23E0B735-A797-DCDB-B926-161520C4DC89}"
EndProject
Project("{FAE04EC0-301F-11D3-BF4B-00C04F79EFBC}") = "Unity.CollabProxy.Editor", "Unity.CollabProxy.Editor.csproj", "{5165EF4B-4270-D678-30A6-28520A4EC193}"
EndProject
Project("{FAE04EC0-301F-11D3-BF4B-00C04F79EFBC}") = "Unity.ScriptableBuildPipeline.Editor", "Unity.ScriptableBuildPipeline.Editor.csproj", "{EBA93068-B71B-FF0A-AD7D-1B12CC4DDD79}"
EndProject
Project("{FAE04EC0-301F-11D3-BF4B-00C04F79EFBC}") = "GBG.PlayableGraphMonitor.Editor", "GBG.PlayableGraphMonitor.Editor.csproj", "{E61561D2-0E85-78AB-667F-4A33966BD35E}"
EndProject
Project("{FAE04EC0-301F-11D3-BF4B-00C04F79EFBC}") = "YooAsset.Editor", "YooAsset.Editor.csproj", "{B1497EE1-7B46-359F-A59E-D9AEA156DE57}"
EndProject
Project("{FAE04EC0-301F-11D3-BF4B-00C04F79EFBC}") = "FairyGUI.Editor", "FairyGUI.Editor.csproj", "{85EA4C81-109B-5FA9-148F-28DF8FB38720}"
EndProject
Project("{FAE04EC0-301F-11D3-BF4B-00C04F79EFBC}") = "Unity.Services.Core.Editor", "Unity.Services.Core.Editor.csproj", "{047462FF-4238-CC6E-CA69-D3A7280E4567}"
EndProject
Project("{FAE04EC0-301F-11D3-BF4B-00C04F79EFBC}") = "HybridCLR.Editor", "HybridCLR.Editor.csproj", "{E4CDA5B5-76F7-CFA3-965B-7ACD393A4FF9}"
EndProject
Project("{FAE04EC0-301F-11D3-BF4B-00C04F79EFBC}") = "Assembly-CSharp-Editor", "Assembly-CSharp-Editor.csproj", "{6311E6C6-0A20-383B-320B-694068DE37A5}"
EndProject
Project("{FAE04EC0-301F-11D3-BF4B-00C04F79EFBC}") = "Unity.Burst.CodeGen", "Unity.Burst.CodeGen.csproj", "{BE02FF20-C64E-988C-C6F9-B038409C414D}"
EndProject
Project("{FAE04EC0-301F-11D3-BF4B-00C04F79EFBC}") = "Unity.VSCode.Editor", "Unity.VSCode.Editor.csproj", "{F63CEAD4-2145-A864-65F2-FF3CC0A4E30C}"
EndProject
Project("{FAE04EC0-301F-11D3-BF4B-00C04F79EFBC}") = "AstarPathfindingProjectEditor", "AstarPathfindingProjectEditor.csproj", "{8CDDEF6B-A123-D833-AAC6-996FC9568B1E}"
EndProject
Project("{FAE04EC0-301F-11D3-BF4B-00C04F79EFBC}") = "Unity.VisualStudio.Editor", "Unity.VisualStudio.Editor.csproj", "{1070D62F-5859-59E1-3CC0-C54CBEFA2290}"
EndProject
Project("{FAE04EC0-301F-11D3-BF4B-00C04F79EFBC}") = "Unity.VisualScripting.State.Editor", "Unity.VisualScripting.State.Editor.csproj", "{DEFA0307-5FF8-84E2-3526-CCF1BB017B33}"
EndProject
Project("{FAE04EC0-301F-11D3-BF4B-00C04F79EFBC}") = "UnityEditor.CacheServer", "UnityEditor.CacheServer.csproj", "{3A91D147-3EF2-B875-F70E-F99525D793C5}"
EndProject
Project("{FAE04EC0-301F-11D3-BF4B-00C04F79EFBC}") = "Unity.Searcher.Editor", "Unity.Searcher.Editor.csproj", "{438610C1-9F0A-8AF7-FCBE-C1D5D3670EE2}"
EndProject
Project("{FAE04EC0-301F-11D3-BF4B-00C04F79EFBC}") = "IngameDebugConsole.Editor", "IngameDebugConsole.Editor.csproj", "{2F5F011A-4CEF-52FC-3777-906DA4065B5E}"
EndProject
Project("{FAE04EC0-301F-11D3-BF4B-00C04F79EFBC}") = "Unity.Services.Core.Configuration.Editor", "Unity.Services.Core.Configuration.Editor.csproj", "{253D8680-A6F5-D4CD-D645-0FF4693312AB}"
EndProject
Project("{FAE04EC0-301F-11D3-BF4B-00C04F79EFBC}") = "Unity.Burst.Editor", "Unity.Burst.Editor.csproj", "{44054DE7-3FFB-9CA8-C745-9769758465D8}"
EndProject
Project("{FAE04EC0-301F-11D3-BF4B-00C04F79EFBC}") = "Sirenix.OdinInspector.CompatibilityLayer.Editor", "Sirenix.OdinInspector.CompatibilityLayer.Editor.csproj", "{686145E0-A51B-685E-EF99-A1034C8B63AB}"
EndProject
Project("{FAE04EC0-301F-11D3-BF4B-00C04F79EFBC}") = "PackageToolsEditor", "PackageToolsEditor.csproj", "{4EFD6B34-7600-FF82-20D5-7A2ADD949D31}"
EndProject
Project("{FAE04EC0-301F-11D3-BF4B-00C04F79EFBC}") = "UniTask.Editor", "UniTask.Editor.csproj", "{F337F770-C096-35A4-36A5-5D782E401934}"
EndProject
Project("{FAE04EC0-301F-11D3-BF4B-00C04F79EFBC}") = "Unity.Mathematics.Editor", "Unity.Mathematics.Editor.csproj", "{E9B822B2-554C-9747-E65B-2CFA5626B69A}"
EndProject
Project("{FAE04EC0-301F-11D3-BF4B-00C04F79EFBC}") = "Sirenix.OdinInspector.Modules.UnityMathematics", "Sirenix.OdinInspector.Modules.UnityMathematics.csproj", "{E41DDF56-3676-7520-3B3D-021F8DBA6BFA}"
EndProject
Project("{FAE04EC0-301F-11D3-BF4B-00C04F79EFBC}") = "Unity.VisualScripting.Shared.Editor", "Unity.VisualScripting.Shared.Editor.csproj", "{B89CCF58-BA9D-438F-F2F8-E923457C1691}"
EndProject
Global
	GlobalSection(SolutionConfigurationPlatforms) = preSolution
		Debug|Any CPU = Debug|Any CPU
		Release|Any CPU = Release|Any CPU
	EndGlobalSection
	GlobalSection(ProjectConfigurationPlatforms) = postSolution
		{5C351BF4-1A33-48AF-B348-52FD7A76B064}.Debug|Any CPU.ActiveCfg = Debug|Any CPU
		{5C351BF4-1A33-48AF-B348-52FD7A76B064}.Debug|Any CPU.Build.0 = Debug|Any CPU
		{5C351BF4-1A33-48AF-B348-52FD7A76B064}.Release|Any CPU.ActiveCfg = Release|Any CPU
		{5C351BF4-1A33-48AF-B348-52FD7A76B064}.Release|Any CPU.Build.0 = Release|Any CPU
		{2AD2B5BA-8385-7D2C-88ED-C468EC0E7027}.Debug|Any CPU.ActiveCfg = Debug|Any CPU
		{2AD2B5BA-8385-7D2C-88ED-C468EC0E7027}.Debug|Any CPU.Build.0 = Debug|Any CPU
		{2AD2B5BA-8385-7D2C-88ED-C468EC0E7027}.Release|Any CPU.ActiveCfg = Release|Any CPU
		{2AD2B5BA-8385-7D2C-88ED-C468EC0E7027}.Release|Any CPU.Build.0 = Release|Any CPU
		{20B5405D-3376-B257-DD4F-74F829EF4AE4}.Debug|Any CPU.ActiveCfg = Debug|Any CPU
		{20B5405D-3376-B257-DD4F-74F829EF4AE4}.Debug|Any CPU.Build.0 = Debug|Any CPU
		{20B5405D-3376-B257-DD4F-74F829EF4AE4}.Release|Any CPU.ActiveCfg = Release|Any CPU
		{20B5405D-3376-B257-DD4F-74F829EF4AE4}.Release|Any CPU.Build.0 = Release|Any CPU
		{C83A94ED-8F3D-177C-157D-C4C31CBC811C}.Debug|Any CPU.ActiveCfg = Debug|Any CPU
		{C83A94ED-8F3D-177C-157D-C4C31CBC811C}.Debug|Any CPU.Build.0 = Debug|Any CPU
		{C83A94ED-8F3D-177C-157D-C4C31CBC811C}.Release|Any CPU.ActiveCfg = Release|Any CPU
		{C83A94ED-8F3D-177C-157D-C4C31CBC811C}.Release|Any CPU.Build.0 = Release|Any CPU
		{6A95DC37-73AC-78A7-C063-9FBAC5003603}.Debug|Any CPU.ActiveCfg = Debug|Any CPU
		{6A95DC37-73AC-78A7-C063-9FBAC5003603}.Debug|Any CPU.Build.0 = Debug|Any CPU
		{6A95DC37-73AC-78A7-C063-9FBAC5003603}.Release|Any CPU.ActiveCfg = Release|Any CPU
		{6A95DC37-73AC-78A7-C063-9FBAC5003603}.Release|Any CPU.Build.0 = Release|Any CPU
		{50C03743-3ACC-4B13-6DFA-C9E140F3F61A}.Debug|Any CPU.ActiveCfg = Debug|Any CPU
		{50C03743-3ACC-4B13-6DFA-C9E140F3F61A}.Debug|Any CPU.Build.0 = Debug|Any CPU
		{50C03743-3ACC-4B13-6DFA-C9E140F3F61A}.Release|Any CPU.ActiveCfg = Release|Any CPU
		{50C03743-3ACC-4B13-6DFA-C9E140F3F61A}.Release|Any CPU.Build.0 = Release|Any CPU
		{1D6BCFF4-1423-D43C-2919-94501CEC3479}.Debug|Any CPU.ActiveCfg = Debug|Any CPU
		{1D6BCFF4-1423-D43C-2919-94501CEC3479}.Debug|Any CPU.Build.0 = Debug|Any CPU
		{1D6BCFF4-1423-D43C-2919-94501CEC3479}.Release|Any CPU.ActiveCfg = Release|Any CPU
		{1D6BCFF4-1423-D43C-2919-94501CEC3479}.Release|Any CPU.Build.0 = Release|Any CPU
		{47F1CF94-67B0-A27F-4D82-8A076580ACEA}.Debug|Any CPU.ActiveCfg = Debug|Any CPU
		{47F1CF94-67B0-A27F-4D82-8A076580ACEA}.Debug|Any CPU.Build.0 = Debug|Any CPU
		{47F1CF94-67B0-A27F-4D82-8A076580ACEA}.Release|Any CPU.ActiveCfg = Release|Any CPU
		{47F1CF94-67B0-A27F-4D82-8A076580ACEA}.Release|Any CPU.Build.0 = Release|Any CPU
		{D39A488E-7FCE-861F-B4DD-48897CA61438}.Debug|Any CPU.ActiveCfg = Debug|Any CPU
		{D39A488E-7FCE-861F-B4DD-48897CA61438}.Debug|Any CPU.Build.0 = Debug|Any CPU
		{D39A488E-7FCE-861F-B4DD-48897CA61438}.Release|Any CPU.ActiveCfg = Release|Any CPU
		{D39A488E-7FCE-861F-B4DD-48897CA61438}.Release|Any CPU.Build.0 = Release|Any CPU
		{6B21863B-DF72-55A5-5F96-65B39A83C610}.Debug|Any CPU.ActiveCfg = Debug|Any CPU
		{6B21863B-DF72-55A5-5F96-65B39A83C610}.Debug|Any CPU.Build.0 = Debug|Any CPU
		{6B21863B-DF72-55A5-5F96-65B39A83C610}.Release|Any CPU.ActiveCfg = Release|Any CPU
		{6B21863B-DF72-55A5-5F96-65B39A83C610}.Release|Any CPU.Build.0 = Release|Any CPU
		{243C3465-E073-7679-69E3-91DBD2EFF47B}.Debug|Any CPU.ActiveCfg = Debug|Any CPU
		{243C3465-E073-7679-69E3-91DBD2EFF47B}.Debug|Any CPU.Build.0 = Debug|Any CPU
		{243C3465-E073-7679-69E3-91DBD2EFF47B}.Release|Any CPU.ActiveCfg = Release|Any CPU
		{243C3465-E073-7679-69E3-91DBD2EFF47B}.Release|Any CPU.Build.0 = Release|Any CPU
		{9C01D7DF-86BB-9834-4973-5D336B1F52EF}.Debug|Any CPU.ActiveCfg = Debug|Any CPU
		{9C01D7DF-86BB-9834-4973-5D336B1F52EF}.Debug|Any CPU.Build.0 = Debug|Any CPU
		{9C01D7DF-86BB-9834-4973-5D336B1F52EF}.Release|Any CPU.ActiveCfg = Release|Any CPU
		{9C01D7DF-86BB-9834-4973-5D336B1F52EF}.Release|Any CPU.Build.0 = Release|Any CPU
		{2343E87A-7982-ED2B-3A96-B03194DE76F4}.Debug|Any CPU.ActiveCfg = Debug|Any CPU
		{2343E87A-7982-ED2B-3A96-B03194DE76F4}.Debug|Any CPU.Build.0 = Debug|Any CPU
		{2343E87A-7982-ED2B-3A96-B03194DE76F4}.Release|Any CPU.ActiveCfg = Release|Any CPU
		{2343E87A-7982-ED2B-3A96-B03194DE76F4}.Release|Any CPU.Build.0 = Release|Any CPU
		{93639B96-2673-C59C-AC5F-D252D24B1A34}.Debug|Any CPU.ActiveCfg = Debug|Any CPU
		{93639B96-2673-C59C-AC5F-D252D24B1A34}.Debug|Any CPU.Build.0 = Debug|Any CPU
		{93639B96-2673-C59C-AC5F-D252D24B1A34}.Release|Any CPU.ActiveCfg = Release|Any CPU
		{93639B96-2673-C59C-AC5F-D252D24B1A34}.Release|Any CPU.Build.0 = Release|Any CPU
		{CD8C9303-404B-FB8D-6B9B-21988D5CAC0A}.Debug|Any CPU.ActiveCfg = Debug|Any CPU
		{CD8C9303-404B-FB8D-6B9B-21988D5CAC0A}.Debug|Any CPU.Build.0 = Debug|Any CPU
		{CD8C9303-404B-FB8D-6B9B-21988D5CAC0A}.Release|Any CPU.ActiveCfg = Release|Any CPU
		{CD8C9303-404B-FB8D-6B9B-21988D5CAC0A}.Release|Any CPU.Build.0 = Release|Any CPU
		{66440FFE-68FC-FE3B-96B7-2CCAAEFE0C97}.Debug|Any CPU.ActiveCfg = Debug|Any CPU
		{66440FFE-68FC-FE3B-96B7-2CCAAEFE0C97}.Debug|Any CPU.Build.0 = Debug|Any CPU
		{66440FFE-68FC-FE3B-96B7-2CCAAEFE0C97}.Release|Any CPU.ActiveCfg = Release|Any CPU
		{66440FFE-68FC-FE3B-96B7-2CCAAEFE0C97}.Release|Any CPU.Build.0 = Release|Any CPU
		{6EB5627D-E8FA-9187-0D5C-CD9A2E61E29D}.Debug|Any CPU.ActiveCfg = Debug|Any CPU
		{6EB5627D-E8FA-9187-0D5C-CD9A2E61E29D}.Debug|Any CPU.Build.0 = Debug|Any CPU
		{6EB5627D-E8FA-9187-0D5C-CD9A2E61E29D}.Release|Any CPU.ActiveCfg = Release|Any CPU
		{6EB5627D-E8FA-9187-0D5C-CD9A2E61E29D}.Release|Any CPU.Build.0 = Release|Any CPU
		{918E43BA-BFB0-9FA7-D3C2-9BD920184E73}.Debug|Any CPU.ActiveCfg = Debug|Any CPU
		{918E43BA-BFB0-9FA7-D3C2-9BD920184E73}.Debug|Any CPU.Build.0 = Debug|Any CPU
		{918E43BA-BFB0-9FA7-D3C2-9BD920184E73}.Release|Any CPU.ActiveCfg = Release|Any CPU
		{918E43BA-BFB0-9FA7-D3C2-9BD920184E73}.Release|Any CPU.Build.0 = Release|Any CPU
		{33DF59E5-23BB-BD6A-79FC-F7EDD62A7329}.Debug|Any CPU.ActiveCfg = Debug|Any CPU
		{33DF59E5-23BB-BD6A-79FC-F7EDD62A7329}.Debug|Any CPU.Build.0 = Debug|Any CPU
		{33DF59E5-23BB-BD6A-79FC-F7EDD62A7329}.Release|Any CPU.ActiveCfg = Release|Any CPU
		{33DF59E5-23BB-BD6A-79FC-F7EDD62A7329}.Release|Any CPU.Build.0 = Release|Any CPU
		{1FE75BFA-56D6-6B49-4DCC-375D8109000D}.Debug|Any CPU.ActiveCfg = Debug|Any CPU
		{1FE75BFA-56D6-6B49-4DCC-375D8109000D}.Debug|Any CPU.Build.0 = Debug|Any CPU
		{1FE75BFA-56D6-6B49-4DCC-375D8109000D}.Release|Any CPU.ActiveCfg = Release|Any CPU
		{1FE75BFA-56D6-6B49-4DCC-375D8109000D}.Release|Any CPU.Build.0 = Release|Any CPU
		{C991B463-19DB-6155-F15E-1C9EA0E3C9F0}.Debug|Any CPU.ActiveCfg = Debug|Any CPU
		{C991B463-19DB-6155-F15E-1C9EA0E3C9F0}.Debug|Any CPU.Build.0 = Debug|Any CPU
		{C991B463-19DB-6155-F15E-1C9EA0E3C9F0}.Release|Any CPU.ActiveCfg = Release|Any CPU
		{C991B463-19DB-6155-F15E-1C9EA0E3C9F0}.Release|Any CPU.Build.0 = Release|Any CPU
		{9F2BE422-6F67-CA18-867C-A7D5D221A80F}.Debug|Any CPU.ActiveCfg = Debug|Any CPU
		{9F2BE422-6F67-CA18-867C-A7D5D221A80F}.Debug|Any CPU.Build.0 = Debug|Any CPU
		{9F2BE422-6F67-CA18-867C-A7D5D221A80F}.Release|Any CPU.ActiveCfg = Release|Any CPU
		{9F2BE422-6F67-CA18-867C-A7D5D221A80F}.Release|Any CPU.Build.0 = Release|Any CPU
		{4B4175CE-D641-43DD-490F-E90C57BACB93}.Debug|Any CPU.ActiveCfg = Debug|Any CPU
		{4B4175CE-D641-43DD-490F-E90C57BACB93}.Debug|Any CPU.Build.0 = Debug|Any CPU
		{4B4175CE-D641-43DD-490F-E90C57BACB93}.Release|Any CPU.ActiveCfg = Release|Any CPU
		{4B4175CE-D641-43DD-490F-E90C57BACB93}.Release|Any CPU.Build.0 = Release|Any CPU
		{21993E3C-F847-609D-5102-F3696F8FBE3F}.Debug|Any CPU.ActiveCfg = Debug|Any CPU
		{21993E3C-F847-609D-5102-F3696F8FBE3F}.Debug|Any CPU.Build.0 = Debug|Any CPU
		{21993E3C-F847-609D-5102-F3696F8FBE3F}.Release|Any CPU.ActiveCfg = Release|Any CPU
		{21993E3C-F847-609D-5102-F3696F8FBE3F}.Release|Any CPU.Build.0 = Release|Any CPU
		{FD29E4E8-9D12-848B-532B-C8667AD4C1E2}.Debug|Any CPU.ActiveCfg = Debug|Any CPU
		{FD29E4E8-9D12-848B-532B-C8667AD4C1E2}.Debug|Any CPU.Build.0 = Debug|Any CPU
		{FD29E4E8-9D12-848B-532B-C8667AD4C1E2}.Release|Any CPU.ActiveCfg = Release|Any CPU
		{FD29E4E8-9D12-848B-532B-C8667AD4C1E2}.Release|Any CPU.Build.0 = Release|Any CPU
		{CE2BCDD2-8153-EBF1-572C-2A35B57F22AE}.Debug|Any CPU.ActiveCfg = Debug|Any CPU
		{CE2BCDD2-8153-EBF1-572C-2A35B57F22AE}.Debug|Any CPU.Build.0 = Debug|Any CPU
		{CE2BCDD2-8153-EBF1-572C-2A35B57F22AE}.Release|Any CPU.ActiveCfg = Release|Any CPU
		{CE2BCDD2-8153-EBF1-572C-2A35B57F22AE}.Release|Any CPU.Build.0 = Release|Any CPU
		{4E4F3AF3-8D83-5CB3-CEB7-3F8A7AB9A9AF}.Debug|Any CPU.ActiveCfg = Debug|Any CPU
		{4E4F3AF3-8D83-5CB3-CEB7-3F8A7AB9A9AF}.Debug|Any CPU.Build.0 = Debug|Any CPU
		{4E4F3AF3-8D83-5CB3-CEB7-3F8A7AB9A9AF}.Release|Any CPU.ActiveCfg = Release|Any CPU
		{4E4F3AF3-8D83-5CB3-CEB7-3F8A7AB9A9AF}.Release|Any CPU.Build.0 = Release|Any CPU
		{AF18F19D-B8F9-B547-C242-63718D7ED119}.Debug|Any CPU.ActiveCfg = Debug|Any CPU
		{AF18F19D-B8F9-B547-C242-63718D7ED119}.Debug|Any CPU.Build.0 = Debug|Any CPU
		{AF18F19D-B8F9-B547-C242-63718D7ED119}.Release|Any CPU.ActiveCfg = Release|Any CPU
		{AF18F19D-B8F9-B547-C242-63718D7ED119}.Release|Any CPU.Build.0 = Release|Any CPU
		{0EFAC24A-4964-A885-6586-594A32B64AB4}.Debug|Any CPU.ActiveCfg = Debug|Any CPU
		{0EFAC24A-4964-A885-6586-594A32B64AB4}.Debug|Any CPU.Build.0 = Debug|Any CPU
		{0EFAC24A-4964-A885-6586-594A32B64AB4}.Release|Any CPU.ActiveCfg = Release|Any CPU
		{0EFAC24A-4964-A885-6586-594A32B64AB4}.Release|Any CPU.Build.0 = Release|Any CPU
		{1F552E5F-E4D2-DFD1-653D-9AA4E312830A}.Debug|Any CPU.ActiveCfg = Debug|Any CPU
		{1F552E5F-E4D2-DFD1-653D-9AA4E312830A}.Debug|Any CPU.Build.0 = Debug|Any CPU
		{1F552E5F-E4D2-DFD1-653D-9AA4E312830A}.Release|Any CPU.ActiveCfg = Release|Any CPU
		{1F552E5F-E4D2-DFD1-653D-9AA4E312830A}.Release|Any CPU.Build.0 = Release|Any CPU
		{207FC9DE-1B3D-471D-711D-E9385A76CFC1}.Debug|Any CPU.ActiveCfg = Debug|Any CPU
		{207FC9DE-1B3D-471D-711D-E9385A76CFC1}.Debug|Any CPU.Build.0 = Debug|Any CPU
		{207FC9DE-1B3D-471D-711D-E9385A76CFC1}.Release|Any CPU.ActiveCfg = Release|Any CPU
		{207FC9DE-1B3D-471D-711D-E9385A76CFC1}.Release|Any CPU.Build.0 = Release|Any CPU
		{C73F05BE-852E-20B4-1A11-3F4A1D32B43E}.Debug|Any CPU.ActiveCfg = Debug|Any CPU
		{C73F05BE-852E-20B4-1A11-3F4A1D32B43E}.Debug|Any CPU.Build.0 = Debug|Any CPU
		{C73F05BE-852E-20B4-1A11-3F4A1D32B43E}.Release|Any CPU.ActiveCfg = Release|Any CPU
		{C73F05BE-852E-20B4-1A11-3F4A1D32B43E}.Release|Any CPU.Build.0 = Release|Any CPU
		{1AB3B5ED-4E91-EB06-C26D-77E30CF7F174}.Debug|Any CPU.ActiveCfg = Debug|Any CPU
		{1AB3B5ED-4E91-EB06-C26D-77E30CF7F174}.Debug|Any CPU.Build.0 = Debug|Any CPU
		{1AB3B5ED-4E91-EB06-C26D-77E30CF7F174}.Release|Any CPU.ActiveCfg = Release|Any CPU
		{1AB3B5ED-4E91-EB06-C26D-77E30CF7F174}.Release|Any CPU.Build.0 = Release|Any CPU
		{D2CC3CB7-C126-97D3-7FBB-468C92E91983}.Debug|Any CPU.ActiveCfg = Debug|Any CPU
		{D2CC3CB7-C126-97D3-7FBB-468C92E91983}.Debug|Any CPU.Build.0 = Debug|Any CPU
		{D2CC3CB7-C126-97D3-7FBB-468C92E91983}.Release|Any CPU.ActiveCfg = Release|Any CPU
		{D2CC3CB7-C126-97D3-7FBB-468C92E91983}.Release|Any CPU.Build.0 = Release|Any CPU
		{75FB65F3-C5D0-F8FE-15CB-1FB202169E8A}.Debug|Any CPU.ActiveCfg = Debug|Any CPU
		{75FB65F3-C5D0-F8FE-15CB-1FB202169E8A}.Debug|Any CPU.Build.0 = Debug|Any CPU
		{75FB65F3-C5D0-F8FE-15CB-1FB202169E8A}.Release|Any CPU.ActiveCfg = Release|Any CPU
		{75FB65F3-C5D0-F8FE-15CB-1FB202169E8A}.Release|Any CPU.Build.0 = Release|Any CPU
		{FD3D759E-DDB4-D05F-B3CE-AC587EFBD560}.Debug|Any CPU.ActiveCfg = Debug|Any CPU
		{FD3D759E-DDB4-D05F-B3CE-AC587EFBD560}.Debug|Any CPU.Build.0 = Debug|Any CPU
		{FD3D759E-DDB4-D05F-B3CE-AC587EFBD560}.Release|Any CPU.ActiveCfg = Release|Any CPU
		{FD3D759E-DDB4-D05F-B3CE-AC587EFBD560}.Release|Any CPU.Build.0 = Release|Any CPU
		{B38E85B8-0135-13D7-3EB5-0C32E8DD6D32}.Debug|Any CPU.ActiveCfg = Debug|Any CPU
		{B38E85B8-0135-13D7-3EB5-0C32E8DD6D32}.Debug|Any CPU.Build.0 = Debug|Any CPU
		{B38E85B8-0135-13D7-3EB5-0C32E8DD6D32}.Release|Any CPU.ActiveCfg = Release|Any CPU
		{B38E85B8-0135-13D7-3EB5-0C32E8DD6D32}.Release|Any CPU.Build.0 = Release|Any CPU
		{EF0F302B-E522-338E-299D-E81B8A400794}.Debug|Any CPU.ActiveCfg = Debug|Any CPU
		{EF0F302B-E522-338E-299D-E81B8A400794}.Debug|Any CPU.Build.0 = Debug|Any CPU
		{EF0F302B-E522-338E-299D-E81B8A400794}.Release|Any CPU.ActiveCfg = Release|Any CPU
		{EF0F302B-E522-338E-299D-E81B8A400794}.Release|Any CPU.Build.0 = Release|Any CPU
		{0587A547-0A8A-A620-68CE-9BBF4713DB9D}.Debug|Any CPU.ActiveCfg = Debug|Any CPU
		{0587A547-0A8A-A620-68CE-9BBF4713DB9D}.Debug|Any CPU.Build.0 = Debug|Any CPU
		{0587A547-0A8A-A620-68CE-9BBF4713DB9D}.Release|Any CPU.ActiveCfg = Release|Any CPU
		{0587A547-0A8A-A620-68CE-9BBF4713DB9D}.Release|Any CPU.Build.0 = Release|Any CPU
		{C0F56DAE-2FA9-816E-5F7E-F196D8FFE5F0}.Debug|Any CPU.ActiveCfg = Debug|Any CPU
		{C0F56DAE-2FA9-816E-5F7E-F196D8FFE5F0}.Debug|Any CPU.Build.0 = Debug|Any CPU
		{C0F56DAE-2FA9-816E-5F7E-F196D8FFE5F0}.Release|Any CPU.ActiveCfg = Release|Any CPU
		{C0F56DAE-2FA9-816E-5F7E-F196D8FFE5F0}.Release|Any CPU.Build.0 = Release|Any CPU
		{9CDB949F-8258-D704-C896-B8FD99196C07}.Debug|Any CPU.ActiveCfg = Debug|Any CPU
		{9CDB949F-8258-D704-C896-B8FD99196C07}.Debug|Any CPU.Build.0 = Debug|Any CPU
		{9CDB949F-8258-D704-C896-B8FD99196C07}.Release|Any CPU.ActiveCfg = Release|Any CPU
		{9CDB949F-8258-D704-C896-B8FD99196C07}.Release|Any CPU.Build.0 = Release|Any CPU
		{8E05CDA3-1DD8-5846-0256-E8EEC1407181}.Debug|Any CPU.ActiveCfg = Debug|Any CPU
		{8E05CDA3-1DD8-5846-0256-E8EEC1407181}.Debug|Any CPU.Build.0 = Debug|Any CPU
		{8E05CDA3-1DD8-5846-0256-E8EEC1407181}.Release|Any CPU.ActiveCfg = Release|Any CPU
		{8E05CDA3-1DD8-5846-0256-E8EEC1407181}.Release|Any CPU.Build.0 = Release|Any CPU
		{AEDA634F-CDF5-D301-9FA4-BD9BC22DC82D}.Debug|Any CPU.ActiveCfg = Debug|Any CPU
		{AEDA634F-CDF5-D301-9FA4-BD9BC22DC82D}.Debug|Any CPU.Build.0 = Debug|Any CPU
		{AEDA634F-CDF5-D301-9FA4-BD9BC22DC82D}.Release|Any CPU.ActiveCfg = Release|Any CPU
		{AEDA634F-CDF5-D301-9FA4-BD9BC22DC82D}.Release|Any CPU.Build.0 = Release|Any CPU
		{FA1D90A9-B7EB-FD3A-B6D6-CFD9D63240D4}.Debug|Any CPU.ActiveCfg = Debug|Any CPU
		{FA1D90A9-B7EB-FD3A-B6D6-CFD9D63240D4}.Debug|Any CPU.Build.0 = Debug|Any CPU
		{FA1D90A9-B7EB-FD3A-B6D6-CFD9D63240D4}.Release|Any CPU.ActiveCfg = Release|Any CPU
		{FA1D90A9-B7EB-FD3A-B6D6-CFD9D63240D4}.Release|Any CPU.Build.0 = Release|Any CPU
		{23921B65-491D-5235-FADE-892E6E843C3F}.Debug|Any CPU.ActiveCfg = Debug|Any CPU
		{23921B65-491D-5235-FADE-892E6E843C3F}.Debug|Any CPU.Build.0 = Debug|Any CPU
		{23921B65-491D-5235-FADE-892E6E843C3F}.Release|Any CPU.ActiveCfg = Release|Any CPU
		{23921B65-491D-5235-FADE-892E6E843C3F}.Release|Any CPU.Build.0 = Release|Any CPU
		{4F6489DB-1D43-6977-779C-05896C34395B}.Debug|Any CPU.ActiveCfg = Debug|Any CPU
		{4F6489DB-1D43-6977-779C-05896C34395B}.Debug|Any CPU.Build.0 = Debug|Any CPU
		{4F6489DB-1D43-6977-779C-05896C34395B}.Release|Any CPU.ActiveCfg = Release|Any CPU
		{4F6489DB-1D43-6977-779C-05896C34395B}.Release|Any CPU.Build.0 = Release|Any CPU
		{677FD784-1646-380A-4F03-16AB5E7769F7}.Debug|Any CPU.ActiveCfg = Debug|Any CPU
		{677FD784-1646-380A-4F03-16AB5E7769F7}.Debug|Any CPU.Build.0 = Debug|Any CPU
		{677FD784-1646-380A-4F03-16AB5E7769F7}.Release|Any CPU.ActiveCfg = Release|Any CPU
		{677FD784-1646-380A-4F03-16AB5E7769F7}.Release|Any CPU.Build.0 = Release|Any CPU
		{5C30E73B-E666-C8FF-A35A-0A6A8B4F4610}.Debug|Any CPU.ActiveCfg = Debug|Any CPU
		{5C30E73B-E666-C8FF-A35A-0A6A8B4F4610}.Debug|Any CPU.Build.0 = Debug|Any CPU
		{5C30E73B-E666-C8FF-A35A-0A6A8B4F4610}.Release|Any CPU.ActiveCfg = Release|Any CPU
		{5C30E73B-E666-C8FF-A35A-0A6A8B4F4610}.Release|Any CPU.Build.0 = Release|Any CPU
		{23E0B735-A797-DCDB-B926-161520C4DC89}.Debug|Any CPU.ActiveCfg = Debug|Any CPU
		{23E0B735-A797-DCDB-B926-161520C4DC89}.Debug|Any CPU.Build.0 = Debug|Any CPU
		{23E0B735-A797-DCDB-B926-161520C4DC89}.Release|Any CPU.ActiveCfg = Release|Any CPU
		{23E0B735-A797-DCDB-B926-161520C4DC89}.Release|Any CPU.Build.0 = Release|Any CPU
		{5165EF4B-4270-D678-30A6-28520A4EC193}.Debug|Any CPU.ActiveCfg = Debug|Any CPU
		{5165EF4B-4270-D678-30A6-28520A4EC193}.Debug|Any CPU.Build.0 = Debug|Any CPU
		{5165EF4B-4270-D678-30A6-28520A4EC193}.Release|Any CPU.ActiveCfg = Release|Any CPU
		{5165EF4B-4270-D678-30A6-28520A4EC193}.Release|Any CPU.Build.0 = Release|Any CPU
		{EBA93068-B71B-FF0A-AD7D-1B12CC4DDD79}.Debug|Any CPU.ActiveCfg = Debug|Any CPU
		{EBA93068-B71B-FF0A-AD7D-1B12CC4DDD79}.Debug|Any CPU.Build.0 = Debug|Any CPU
		{EBA93068-B71B-FF0A-AD7D-1B12CC4DDD79}.Release|Any CPU.ActiveCfg = Release|Any CPU
		{EBA93068-B71B-FF0A-AD7D-1B12CC4DDD79}.Release|Any CPU.Build.0 = Release|Any CPU
		{E61561D2-0E85-78AB-667F-4A33966BD35E}.Debug|Any CPU.ActiveCfg = Debug|Any CPU
		{E61561D2-0E85-78AB-667F-4A33966BD35E}.Debug|Any CPU.Build.0 = Debug|Any CPU
		{E61561D2-0E85-78AB-667F-4A33966BD35E}.Release|Any CPU.ActiveCfg = Release|Any CPU
		{E61561D2-0E85-78AB-667F-4A33966BD35E}.Release|Any CPU.Build.0 = Release|Any CPU
		{B1497EE1-7B46-359F-A59E-D9AEA156DE57}.Debug|Any CPU.ActiveCfg = Debug|Any CPU
		{B1497EE1-7B46-359F-A59E-D9AEA156DE57}.Debug|Any CPU.Build.0 = Debug|Any CPU
		{B1497EE1-7B46-359F-A59E-D9AEA156DE57}.Release|Any CPU.ActiveCfg = Release|Any CPU
		{B1497EE1-7B46-359F-A59E-D9AEA156DE57}.Release|Any CPU.Build.0 = Release|Any CPU
		{85EA4C81-109B-5FA9-148F-28DF8FB38720}.Debug|Any CPU.ActiveCfg = Debug|Any CPU
		{85EA4C81-109B-5FA9-148F-28DF8FB38720}.Debug|Any CPU.Build.0 = Debug|Any CPU
		{85EA4C81-109B-5FA9-148F-28DF8FB38720}.Release|Any CPU.ActiveCfg = Release|Any CPU
		{85EA4C81-109B-5FA9-148F-28DF8FB38720}.Release|Any CPU.Build.0 = Release|Any CPU
		{047462FF-4238-CC6E-CA69-D3A7280E4567}.Debug|Any CPU.ActiveCfg = Debug|Any CPU
		{047462FF-4238-CC6E-CA69-D3A7280E4567}.Debug|Any CPU.Build.0 = Debug|Any CPU
		{047462FF-4238-CC6E-CA69-D3A7280E4567}.Release|Any CPU.ActiveCfg = Release|Any CPU
		{047462FF-4238-CC6E-CA69-D3A7280E4567}.Release|Any CPU.Build.0 = Release|Any CPU
		{E4CDA5B5-76F7-CFA3-965B-7ACD393A4FF9}.Debug|Any CPU.ActiveCfg = Debug|Any CPU
		{E4CDA5B5-76F7-CFA3-965B-7ACD393A4FF9}.Debug|Any CPU.Build.0 = Debug|Any CPU
		{E4CDA5B5-76F7-CFA3-965B-7ACD393A4FF9}.Release|Any CPU.ActiveCfg = Release|Any CPU
		{E4CDA5B5-76F7-CFA3-965B-7ACD393A4FF9}.Release|Any CPU.Build.0 = Release|Any CPU
		{6311E6C6-0A20-383B-320B-694068DE37A5}.Debug|Any CPU.ActiveCfg = Debug|Any CPU
		{6311E6C6-0A20-383B-320B-694068DE37A5}.Debug|Any CPU.Build.0 = Debug|Any CPU
		{6311E6C6-0A20-383B-320B-694068DE37A5}.Release|Any CPU.ActiveCfg = Release|Any CPU
		{6311E6C6-0A20-383B-320B-694068DE37A5}.Release|Any CPU.Build.0 = Release|Any CPU
		{BE02FF20-C64E-988C-C6F9-B038409C414D}.Debug|Any CPU.ActiveCfg = Debug|Any CPU
		{BE02FF20-C64E-988C-C6F9-B038409C414D}.Debug|Any CPU.Build.0 = Debug|Any CPU
		{BE02FF20-C64E-988C-C6F9-B038409C414D}.Release|Any CPU.ActiveCfg = Release|Any CPU
		{BE02FF20-C64E-988C-C6F9-B038409C414D}.Release|Any CPU.Build.0 = Release|Any CPU
		{F63CEAD4-2145-A864-65F2-FF3CC0A4E30C}.Debug|Any CPU.ActiveCfg = Debug|Any CPU
		{F63CEAD4-2145-A864-65F2-FF3CC0A4E30C}.Debug|Any CPU.Build.0 = Debug|Any CPU
		{F63CEAD4-2145-A864-65F2-FF3CC0A4E30C}.Release|Any CPU.ActiveCfg = Release|Any CPU
		{F63CEAD4-2145-A864-65F2-FF3CC0A4E30C}.Release|Any CPU.Build.0 = Release|Any CPU
		{8CDDEF6B-A123-D833-AAC6-996FC9568B1E}.Debug|Any CPU.ActiveCfg = Debug|Any CPU
		{8CDDEF6B-A123-D833-AAC6-996FC9568B1E}.Debug|Any CPU.Build.0 = Debug|Any CPU
		{8CDDEF6B-A123-D833-AAC6-996FC9568B1E}.Release|Any CPU.ActiveCfg = Release|Any CPU
		{8CDDEF6B-A123-D833-AAC6-996FC9568B1E}.Release|Any CPU.Build.0 = Release|Any CPU
		{1070D62F-5859-59E1-3CC0-C54CBEFA2290}.Debug|Any CPU.ActiveCfg = Debug|Any CPU
		{1070D62F-5859-59E1-3CC0-C54CBEFA2290}.Debug|Any CPU.Build.0 = Debug|Any CPU
		{1070D62F-5859-59E1-3CC0-C54CBEFA2290}.Release|Any CPU.ActiveCfg = Release|Any CPU
		{1070D62F-5859-59E1-3CC0-C54CBEFA2290}.Release|Any CPU.Build.0 = Release|Any CPU
		{DEFA0307-5FF8-84E2-3526-CCF1BB017B33}.Debug|Any CPU.ActiveCfg = Debug|Any CPU
		{DEFA0307-5FF8-84E2-3526-CCF1BB017B33}.Debug|Any CPU.Build.0 = Debug|Any CPU
		{DEFA0307-5FF8-84E2-3526-CCF1BB017B33}.Release|Any CPU.ActiveCfg = Release|Any CPU
		{DEFA0307-5FF8-84E2-3526-CCF1BB017B33}.Release|Any CPU.Build.0 = Release|Any CPU
		{3A91D147-3EF2-B875-F70E-F99525D793C5}.Debug|Any CPU.ActiveCfg = Debug|Any CPU
		{3A91D147-3EF2-B875-F70E-F99525D793C5}.Debug|Any CPU.Build.0 = Debug|Any CPU
		{3A91D147-3EF2-B875-F70E-F99525D793C5}.Release|Any CPU.ActiveCfg = Release|Any CPU
		{3A91D147-3EF2-B875-F70E-F99525D793C5}.Release|Any CPU.Build.0 = Release|Any CPU
		{438610C1-9F0A-8AF7-FCBE-C1D5D3670EE2}.Debug|Any CPU.ActiveCfg = Debug|Any CPU
		{438610C1-9F0A-8AF7-FCBE-C1D5D3670EE2}.Debug|Any CPU.Build.0 = Debug|Any CPU
		{438610C1-9F0A-8AF7-FCBE-C1D5D3670EE2}.Release|Any CPU.ActiveCfg = Release|Any CPU
		{438610C1-9F0A-8AF7-FCBE-C1D5D3670EE2}.Release|Any CPU.Build.0 = Release|Any CPU
		{2F5F011A-4CEF-52FC-3777-906DA4065B5E}.Debug|Any CPU.ActiveCfg = Debug|Any CPU
		{2F5F011A-4CEF-52FC-3777-906DA4065B5E}.Debug|Any CPU.Build.0 = Debug|Any CPU
		{2F5F011A-4CEF-52FC-3777-906DA4065B5E}.Release|Any CPU.ActiveCfg = Release|Any CPU
		{2F5F011A-4CEF-52FC-3777-906DA4065B5E}.Release|Any CPU.Build.0 = Release|Any CPU
		{253D8680-A6F5-D4CD-D645-0FF4693312AB}.Debug|Any CPU.ActiveCfg = Debug|Any CPU
		{253D8680-A6F5-D4CD-D645-0FF4693312AB}.Debug|Any CPU.Build.0 = Debug|Any CPU
		{253D8680-A6F5-D4CD-D645-0FF4693312AB}.Release|Any CPU.ActiveCfg = Release|Any CPU
		{253D8680-A6F5-D4CD-D645-0FF4693312AB}.Release|Any CPU.Build.0 = Release|Any CPU
		{44054DE7-3FFB-9CA8-C745-9769758465D8}.Debug|Any CPU.ActiveCfg = Debug|Any CPU
		{44054DE7-3FFB-9CA8-C745-9769758465D8}.Debug|Any CPU.Build.0 = Debug|Any CPU
		{44054DE7-3FFB-9CA8-C745-9769758465D8}.Release|Any CPU.ActiveCfg = Release|Any CPU
		{44054DE7-3FFB-9CA8-C745-9769758465D8}.Release|Any CPU.Build.0 = Release|Any CPU
		{686145E0-A51B-685E-EF99-A1034C8B63AB}.Debug|Any CPU.ActiveCfg = Debug|Any CPU
		{686145E0-A51B-685E-EF99-A1034C8B63AB}.Debug|Any CPU.Build.0 = Debug|Any CPU
		{686145E0-A51B-685E-EF99-A1034C8B63AB}.Release|Any CPU.ActiveCfg = Release|Any CPU
		{686145E0-A51B-685E-EF99-A1034C8B63AB}.Release|Any CPU.Build.0 = Release|Any CPU
		{4EFD6B34-7600-FF82-20D5-7A2ADD949D31}.Debug|Any CPU.ActiveCfg = Debug|Any CPU
		{4EFD6B34-7600-FF82-20D5-7A2ADD949D31}.Debug|Any CPU.Build.0 = Debug|Any CPU
		{4EFD6B34-7600-FF82-20D5-7A2ADD949D31}.Release|Any CPU.ActiveCfg = Release|Any CPU
		{4EFD6B34-7600-FF82-20D5-7A2ADD949D31}.Release|Any CPU.Build.0 = Release|Any CPU
		{F337F770-C096-35A4-36A5-5D782E401934}.Debug|Any CPU.ActiveCfg = Debug|Any CPU
		{F337F770-C096-35A4-36A5-5D782E401934}.Debug|Any CPU.Build.0 = Debug|Any CPU
		{F337F770-C096-35A4-36A5-5D782E401934}.Release|Any CPU.ActiveCfg = Release|Any CPU
		{F337F770-C096-35A4-36A5-5D782E401934}.Release|Any CPU.Build.0 = Release|Any CPU
		{E9B822B2-554C-9747-E65B-2CFA5626B69A}.Debug|Any CPU.ActiveCfg = Debug|Any CPU
		{E9B822B2-554C-9747-E65B-2CFA5626B69A}.Debug|Any CPU.Build.0 = Debug|Any CPU
		{E9B822B2-554C-9747-E65B-2CFA5626B69A}.Release|Any CPU.ActiveCfg = Release|Any CPU
		{E9B822B2-554C-9747-E65B-2CFA5626B69A}.Release|Any CPU.Build.0 = Release|Any CPU
		{E41DDF56-3676-7520-3B3D-021F8DBA6BFA}.Debug|Any CPU.ActiveCfg = Debug|Any CPU
		{E41DDF56-3676-7520-3B3D-021F8DBA6BFA}.Debug|Any CPU.Build.0 = Debug|Any CPU
		{E41DDF56-3676-7520-3B3D-021F8DBA6BFA}.Release|Any CPU.ActiveCfg = Release|Any CPU
		{E41DDF56-3676-7520-3B3D-021F8DBA6BFA}.Release|Any CPU.Build.0 = Release|Any CPU
		{B89CCF58-BA9D-438F-F2F8-E923457C1691}.Debug|Any CPU.ActiveCfg = Debug|Any CPU
		{B89CCF58-BA9D-438F-F2F8-E923457C1691}.Debug|Any CPU.Build.0 = Debug|Any CPU
		{B89CCF58-BA9D-438F-F2F8-E923457C1691}.Release|Any CPU.ActiveCfg = Release|Any CPU
		{B89CCF58-BA9D-438F-F2F8-E923457C1691}.Release|Any CPU.Build.0 = Release|Any CPU
	EndGlobalSection
	GlobalSection(SolutionProperties) = preSolution
		HideSolutionNode = FALSE
	EndGlobalSection
EndGlobal
